// !$*UTF8*$!
{
	archiveVersion = 1;
	classes = {
	};
	objectVersion = 51;
	objects = {

/* Begin PBXBuildFile section */
		67ED26E1B10717AF08805BAA /* Pods_UICollectionViewCompositionalLayoutExample.framework in Frameworks */ = {isa = PBXBuildFile; fileRef = 6EDC98828A26D15CEA4E1E19 /* Pods_UICollectionViewCompositionalLayoutExample.framework */; };
		DEE5E07523BACF8300CA3E9B /* AppDelegate.swift in Sources */ = {isa = PBXBuildFile; fileRef = DEE5E07423BACF8300CA3E9B /* AppDelegate.swift */; };
		DEE5E07723BACF8300CA3E9B /* SceneDelegate.swift in Sources */ = {isa = PBXBuildFile; fileRef = DEE5E07623BACF8300CA3E9B /* SceneDelegate.swift */; };
		DEE5E07923BACF8300CA3E9B /* MainViewController.swift in Sources */ = {isa = PBXBuildFile; fileRef = DEE5E07823BACF8300CA3E9B /* MainViewController.swift */; };
		DEE5E07C23BACF8300CA3E9B /* Main.storyboard in Resources */ = {isa = PBXBuildFile; fileRef = DEE5E07A23BACF8300CA3E9B /* Main.storyboard */; };
		DEE5E07E23BACF8500CA3E9B /* Assets.xcassets in Resources */ = {isa = PBXBuildFile; fileRef = DEE5E07D23BACF8500CA3E9B /* Assets.xcassets */; };
		DEE5E08123BACF8500CA3E9B /* LaunchScreen.storyboard in Resources */ = {isa = PBXBuildFile; fileRef = DEE5E07F23BACF8500CA3E9B /* LaunchScreen.storyboard */; };
		DEE5E08C23BACF8500CA3E9B /* UICollectionViewCompositionalLayoutExampleTests.swift in Sources */ = {isa = PBXBuildFile; fileRef = DEE5E08B23BACF8500CA3E9B /* UICollectionViewCompositionalLayoutExampleTests.swift */; };
		DEE5E09723BACF8500CA3E9B /* UICollectionViewCompositionalLayoutExampleUITests.swift in Sources */ = {isa = PBXBuildFile; fileRef = DEE5E09623BACF8500CA3E9B /* UICollectionViewCompositionalLayoutExampleUITests.swift */; };
		DEF24C9E23C0E56200A82D93 /* PhotoViewController.swift in Sources */ = {isa = PBXBuildFile; fileRef = DEF24C9D23C0E56200A82D93 /* PhotoViewController.swift */; };
		DEF24CA023C1363800A82D93 /* SearchViewController.swift in Sources */ = {isa = PBXBuildFile; fileRef = DEF24C9F23C1363800A82D93 /* SearchViewController.swift */; };
		DEF24CA223C13CFA00A82D93 /* NSObjectProtocolExtension.swift in Sources */ = {isa = PBXBuildFile; fileRef = DEF24CA123C13CFA00A82D93 /* NSObjectProtocolExtension.swift */; };
		DEF24CA423C13F2E00A82D93 /* UIColorExtension.swift in Sources */ = {isa = PBXBuildFile; fileRef = DEF24CA323C13F2E00A82D93 /* UIColorExtension.swift */; };
		DEF24CA623C13F7A00A82D93 /* UICollectionViewExtension.swift in Sources */ = {isa = PBXBuildFile; fileRef = DEF24CA523C13F7A00A82D93 /* UICollectionViewExtension.swift */; };
		DEF24CA823C13F9700A82D93 /* UITableViewExtension.swift in Sources */ = {isa = PBXBuildFile; fileRef = DEF24CA723C13F9700A82D93 /* UITableViewExtension.swift */; };
		DEF24CAA23C13FE900A82D93 /* UIViewControllerExtension.swift in Sources */ = {isa = PBXBuildFile; fileRef = DEF24CA923C13FE900A82D93 /* UIViewControllerExtension.swift */; };
		DEF24CAC23C14CE300A82D93 /* APIRequestManager.swift in Sources */ = {isa = PBXBuildFile; fileRef = DEF24CAB23C14CE300A82D93 /* APIRequestManager.swift */; };
		DEF24CAE23C1533100A82D93 /* Article.swift in Sources */ = {isa = PBXBuildFile; fileRef = DEF24CAD23C1533100A82D93 /* Article.swift */; };
		DEF24CB023C154DB00A82D93 /* Banner.swift in Sources */ = {isa = PBXBuildFile; fileRef = DEF24CAF23C154DB00A82D93 /* Banner.swift */; };
		DEF24CB223C1558900A82D93 /* Recommend.swift in Sources */ = {isa = PBXBuildFile; fileRef = DEF24CB123C1558900A82D93 /* Recommend.swift */; };
		DEF24CB423C155BC00A82D93 /* Photo.swift in Sources */ = {isa = PBXBuildFile; fileRef = DEF24CB323C155BC00A82D93 /* Photo.swift */; };
		DEF24CB623C1596700A82D93 /* Keyword.swift in Sources */ = {isa = PBXBuildFile; fileRef = DEF24CB523C1596700A82D93 /* Keyword.swift */; };
/* End PBXBuildFile section */

/* Begin PBXContainerItemProxy section */
		DEE5E08823BACF8500CA3E9B /* PBXContainerItemProxy */ = {
			isa = PBXContainerItemProxy;
			containerPortal = DEE5E06923BACF8300CA3E9B /* Project object */;
			proxyType = 1;
			remoteGlobalIDString = DEE5E07023BACF8300CA3E9B;
			remoteInfo = UICollectionViewCompositionalLayoutExample;
		};
		DEE5E09323BACF8500CA3E9B /* PBXContainerItemProxy */ = {
			isa = PBXContainerItemProxy;
			containerPortal = DEE5E06923BACF8300CA3E9B /* Project object */;
			proxyType = 1;
			remoteGlobalIDString = DEE5E07023BACF8300CA3E9B;
			remoteInfo = UICollectionViewCompositionalLayoutExample;
		};
/* End PBXContainerItemProxy section */

/* Begin PBXFileReference section */
		15643D8768A95C6D79188D2F /* Pods-UICollectionViewCompositionalLayoutExample.release.xcconfig */ = {isa = PBXFileReference; includeInIndex = 1; lastKnownFileType = text.xcconfig; name = "Pods-UICollectionViewCompositionalLayoutExample.release.xcconfig"; path = "Target Support Files/Pods-UICollectionViewCompositionalLayoutExample/Pods-UICollectionViewCompositionalLayoutExample.release.xcconfig"; sourceTree = "<group>"; };
		6EDC98828A26D15CEA4E1E19 /* Pods_UICollectionViewCompositionalLayoutExample.framework */ = {isa = PBXFileReference; explicitFileType = wrapper.framework; includeInIndex = 0; path = Pods_UICollectionViewCompositionalLayoutExample.framework; sourceTree = BUILT_PRODUCTS_DIR; };
		A2465750F607CE30D8B72997 /* Pods-UICollectionViewCompositionalLayoutExample.debug.xcconfig */ = {isa = PBXFileReference; includeInIndex = 1; lastKnownFileType = text.xcconfig; name = "Pods-UICollectionViewCompositionalLayoutExample.debug.xcconfig"; path = "Target Support Files/Pods-UICollectionViewCompositionalLayoutExample/Pods-UICollectionViewCompositionalLayoutExample.debug.xcconfig"; sourceTree = "<group>"; };
		DEE5E07123BACF8300CA3E9B /* UICollectionViewCompositionalLayoutExample.app */ = {isa = PBXFileReference; explicitFileType = wrapper.application; includeInIndex = 0; path = UICollectionViewCompositionalLayoutExample.app; sourceTree = BUILT_PRODUCTS_DIR; };
		DEE5E07423BACF8300CA3E9B /* AppDelegate.swift */ = {isa = PBXFileReference; lastKnownFileType = sourcecode.swift; path = AppDelegate.swift; sourceTree = "<group>"; };
		DEE5E07623BACF8300CA3E9B /* SceneDelegate.swift */ = {isa = PBXFileReference; lastKnownFileType = sourcecode.swift; path = SceneDelegate.swift; sourceTree = "<group>"; };
		DEE5E07823BACF8300CA3E9B /* MainViewController.swift */ = {isa = PBXFileReference; lastKnownFileType = sourcecode.swift; path = MainViewController.swift; sourceTree = "<group>"; };
		DEE5E07B23BACF8300CA3E9B /* Base */ = {isa = PBXFileReference; lastKnownFileType = file.storyboard; name = Base; path = Base.lproj/Main.storyboard; sourceTree = "<group>"; };
		DEE5E07D23BACF8500CA3E9B /* Assets.xcassets */ = {isa = PBXFileReference; lastKnownFileType = folder.assetcatalog; path = Assets.xcassets; sourceTree = "<group>"; };
		DEE5E08023BACF8500CA3E9B /* Base */ = {isa = PBXFileReference; lastKnownFileType = file.storyboard; name = Base; path = Base.lproj/LaunchScreen.storyboard; sourceTree = "<group>"; };
		DEE5E08223BACF8500CA3E9B /* Info.plist */ = {isa = PBXFileReference; lastKnownFileType = text.plist.xml; path = Info.plist; sourceTree = "<group>"; };
		DEE5E08723BACF8500CA3E9B /* UICollectionViewCompositionalLayoutExampleTests.xctest */ = {isa = PBXFileReference; explicitFileType = wrapper.cfbundle; includeInIndex = 0; path = UICollectionViewCompositionalLayoutExampleTests.xctest; sourceTree = BUILT_PRODUCTS_DIR; };
		DEE5E08B23BACF8500CA3E9B /* UICollectionViewCompositionalLayoutExampleTests.swift */ = {isa = PBXFileReference; lastKnownFileType = sourcecode.swift; path = UICollectionViewCompositionalLayoutExampleTests.swift; sourceTree = "<group>"; };
		DEE5E08D23BACF8500CA3E9B /* Info.plist */ = {isa = PBXFileReference; lastKnownFileType = text.plist.xml; path = Info.plist; sourceTree = "<group>"; };
		DEE5E09223BACF8500CA3E9B /* UICollectionViewCompositionalLayoutExampleUITests.xctest */ = {isa = PBXFileReference; explicitFileType = wrapper.cfbundle; includeInIndex = 0; path = UICollectionViewCompositionalLayoutExampleUITests.xctest; sourceTree = BUILT_PRODUCTS_DIR; };
		DEE5E09623BACF8500CA3E9B /* UICollectionViewCompositionalLayoutExampleUITests.swift */ = {isa = PBXFileReference; lastKnownFileType = sourcecode.swift; path = UICollectionViewCompositionalLayoutExampleUITests.swift; sourceTree = "<group>"; };
		DEE5E09823BACF8500CA3E9B /* Info.plist */ = {isa = PBXFileReference; lastKnownFileType = text.plist.xml; path = Info.plist; sourceTree = "<group>"; };
		DEF24C9D23C0E56200A82D93 /* PhotoViewController.swift */ = {isa = PBXFileReference; lastKnownFileType = sourcecode.swift; path = PhotoViewController.swift; sourceTree = "<group>"; };
		DEF24C9F23C1363800A82D93 /* SearchViewController.swift */ = {isa = PBXFileReference; lastKnownFileType = sourcecode.swift; path = SearchViewController.swift; sourceTree = "<group>"; };
		DEF24CA123C13CFA00A82D93 /* NSObjectProtocolExtension.swift */ = {isa = PBXFileReference; lastKnownFileType = sourcecode.swift; path = NSObjectProtocolExtension.swift; sourceTree = "<group>"; };
		DEF24CA323C13F2E00A82D93 /* UIColorExtension.swift */ = {isa = PBXFileReference; lastKnownFileType = sourcecode.swift; path = UIColorExtension.swift; sourceTree = "<group>"; };
		DEF24CA523C13F7A00A82D93 /* UICollectionViewExtension.swift */ = {isa = PBXFileReference; lastKnownFileType = sourcecode.swift; path = UICollectionViewExtension.swift; sourceTree = "<group>"; };
		DEF24CA723C13F9700A82D93 /* UITableViewExtension.swift */ = {isa = PBXFileReference; lastKnownFileType = sourcecode.swift; path = UITableViewExtension.swift; sourceTree = "<group>"; };
		DEF24CA923C13FE900A82D93 /* UIViewControllerExtension.swift */ = {isa = PBXFileReference; lastKnownFileType = sourcecode.swift; path = UIViewControllerExtension.swift; sourceTree = "<group>"; };
		DEF24CAB23C14CE300A82D93 /* APIRequestManager.swift */ = {isa = PBXFileReference; lastKnownFileType = sourcecode.swift; path = APIRequestManager.swift; sourceTree = "<group>"; };
		DEF24CAD23C1533100A82D93 /* Article.swift */ = {isa = PBXFileReference; lastKnownFileType = sourcecode.swift; path = Article.swift; sourceTree = "<group>"; };
		DEF24CAF23C154DB00A82D93 /* Banner.swift */ = {isa = PBXFileReference; lastKnownFileType = sourcecode.swift; path = Banner.swift; sourceTree = "<group>"; };
		DEF24CB123C1558900A82D93 /* Recommend.swift */ = {isa = PBXFileReference; lastKnownFileType = sourcecode.swift; path = Recommend.swift; sourceTree = "<group>"; };
		DEF24CB323C155BC00A82D93 /* Photo.swift */ = {isa = PBXFileReference; lastKnownFileType = sourcecode.swift; path = Photo.swift; sourceTree = "<group>"; };
		DEF24CB523C1596700A82D93 /* Keyword.swift */ = {isa = PBXFileReference; lastKnownFileType = sourcecode.swift; path = Keyword.swift; sourceTree = "<group>"; };
/* End PBXFileReference section */

/* Begin PBXFrameworksBuildPhase section */
		DEE5E06E23BACF8300CA3E9B /* Frameworks */ = {
			isa = PBXFrameworksBuildPhase;
			buildActionMask = 2147483647;
			files = (
				67ED26E1B10717AF08805BAA /* Pods_UICollectionViewCompositionalLayoutExample.framework in Frameworks */,
			);
			runOnlyForDeploymentPostprocessing = 0;
		};
		DEE5E08423BACF8500CA3E9B /* Frameworks */ = {
			isa = PBXFrameworksBuildPhase;
			buildActionMask = 2147483647;
			files = (
			);
			runOnlyForDeploymentPostprocessing = 0;
		};
		DEE5E08F23BACF8500CA3E9B /* Frameworks */ = {
			isa = PBXFrameworksBuildPhase;
			buildActionMask = 2147483647;
			files = (
			);
			runOnlyForDeploymentPostprocessing = 0;
		};
/* End PBXFrameworksBuildPhase section */

/* Begin PBXGroup section */
		118CBCB08F3C7EBD77454737 /* Pods */ = {
			isa = PBXGroup;
			children = (
				A2465750F607CE30D8B72997 /* Pods-UICollectionViewCompositionalLayoutExample.debug.xcconfig */,
				15643D8768A95C6D79188D2F /* Pods-UICollectionViewCompositionalLayoutExample.release.xcconfig */,
			);
			path = Pods;
			sourceTree = "<group>";
		};
		45B22A2F39FB4F3505A1EA79 /* Frameworks */ = {
			isa = PBXGroup;
			children = (
				6EDC98828A26D15CEA4E1E19 /* Pods_UICollectionViewCompositionalLayoutExample.framework */,
			);
			name = Frameworks;
			sourceTree = "<group>";
		};
		DEE5E06823BACF8300CA3E9B = {
			isa = PBXGroup;
			children = (
				DEE5E07323BACF8300CA3E9B /* UICollectionViewCompositionalLayoutExample */,
				DEE5E08A23BACF8500CA3E9B /* UICollectionViewCompositionalLayoutExampleTests */,
				DEE5E09523BACF8500CA3E9B /* UICollectionViewCompositionalLayoutExampleUITests */,
				DEE5E07223BACF8300CA3E9B /* Products */,
				118CBCB08F3C7EBD77454737 /* Pods */,
				45B22A2F39FB4F3505A1EA79 /* Frameworks */,
			);
			sourceTree = "<group>";
		};
		DEE5E07223BACF8300CA3E9B /* Products */ = {
			isa = PBXGroup;
			children = (
				DEE5E07123BACF8300CA3E9B /* UICollectionViewCompositionalLayoutExample.app */,
				DEE5E08723BACF8500CA3E9B /* UICollectionViewCompositionalLayoutExampleTests.xctest */,
				DEE5E09223BACF8500CA3E9B /* UICollectionViewCompositionalLayoutExampleUITests.xctest */,
			);
			name = Products;
			sourceTree = "<group>";
		};
		DEE5E07323BACF8300CA3E9B /* UICollectionViewCompositionalLayoutExample */ = {
			isa = PBXGroup;
			children = (
				DEE5E08223BACF8500CA3E9B /* Info.plist */,
				DEE5E07423BACF8300CA3E9B /* AppDelegate.swift */,
				DEE5E07623BACF8300CA3E9B /* SceneDelegate.swift */,
				DEE5E07D23BACF8500CA3E9B /* Assets.xcassets */,
				DEF24C9723BFA07600A82D93 /* APIManager */,
				DEF24C9423BF9F3B00A82D93 /* Enum */,
				DEF24C9823BFA08300A82D93 /* Extension */,
				DEF24C9523BF9F4800A82D93 /* Model */,
				DEF24C9923BFA09200A82D93 /* Modules */,
				DEF24C9A23BFA0A000A82D93 /* Storyboard */,
				DEF24C9B23BFA0A700A82D93 /* View */,
				DEF24C9C23BFA0AD00A82D93 /* ViewController */,
				DEF24C9623BF9F5700A82D93 /* ViewModel */,
			);
			path = UICollectionViewCompositionalLayoutExample;
			sourceTree = "<group>";
		};
		DEE5E08A23BACF8500CA3E9B /* UICollectionViewCompositionalLayoutExampleTests */ = {
			isa = PBXGroup;
			children = (
				DEE5E08B23BACF8500CA3E9B /* UICollectionViewCompositionalLayoutExampleTests.swift */,
				DEE5E08D23BACF8500CA3E9B /* Info.plist */,
			);
			path = UICollectionViewCompositionalLayoutExampleTests;
			sourceTree = "<group>";
		};
		DEE5E09523BACF8500CA3E9B /* UICollectionViewCompositionalLayoutExampleUITests */ = {
			isa = PBXGroup;
			children = (
				DEE5E09623BACF8500CA3E9B /* UICollectionViewCompositionalLayoutExampleUITests.swift */,
				DEE5E09823BACF8500CA3E9B /* Info.plist */,
			);
			path = UICollectionViewCompositionalLayoutExampleUITests;
			sourceTree = "<group>";
		};
		DEF24C9423BF9F3B00A82D93 /* Enum */ = {
			isa = PBXGroup;
			children = (
			);
			path = Enum;
			sourceTree = "<group>";
		};
		DEF24C9523BF9F4800A82D93 /* Model */ = {
			isa = PBXGroup;
			children = (
				DEF24CAD23C1533100A82D93 /* Article.swift */,
				DEF24CAF23C154DB00A82D93 /* Banner.swift */,
				DEF24CB123C1558900A82D93 /* Recommend.swift */,
				DEF24CB323C155BC00A82D93 /* Photo.swift */,
				DEF24CB523C1596700A82D93 /* Keyword.swift */,
			);
			path = Model;
			sourceTree = "<group>";
		};
		DEF24C9623BF9F5700A82D93 /* ViewModel */ = {
			isa = PBXGroup;
			children = (
			);
			path = ViewModel;
			sourceTree = "<group>";
		};
		DEF24C9723BFA07600A82D93 /* APIManager */ = {
			isa = PBXGroup;
			children = (
				DEF24CAB23C14CE300A82D93 /* APIRequestManager.swift */,
			);
			path = APIManager;
			sourceTree = "<group>";
		};
		DEF24C9823BFA08300A82D93 /* Extension */ = {
			isa = PBXGroup;
			children = (
				DEF24CA123C13CFA00A82D93 /* NSObjectProtocolExtension.swift */,
				DEF24CA323C13F2E00A82D93 /* UIColorExtension.swift */,
				DEF24CA523C13F7A00A82D93 /* UICollectionViewExtension.swift */,
				DEF24CA723C13F9700A82D93 /* UITableViewExtension.swift */,
				DEF24CA923C13FE900A82D93 /* UIViewControllerExtension.swift */,
			);
			path = Extension;
			sourceTree = "<group>";
		};
		DEF24C9923BFA09200A82D93 /* Modules */ = {
			isa = PBXGroup;
			children = (
			);
			path = Modules;
			sourceTree = "<group>";
		};
		DEF24C9A23BFA0A000A82D93 /* Storyboard */ = {
			isa = PBXGroup;
			children = (
				DEE5E07F23BACF8500CA3E9B /* LaunchScreen.storyboard */,
				DEE5E07A23BACF8300CA3E9B /* Main.storyboard */,
			);
			path = Storyboard;
			sourceTree = "<group>";
		};
		DEF24C9B23BFA0A700A82D93 /* View */ = {
			isa = PBXGroup;
			children = (
			);
			path = View;
			sourceTree = "<group>";
		};
		DEF24C9C23BFA0AD00A82D93 /* ViewController */ = {
			isa = PBXGroup;
			children = (
				DEE5E07823BACF8300CA3E9B /* MainViewController.swift */,
				DEF24C9D23C0E56200A82D93 /* PhotoViewController.swift */,
				DEF24C9F23C1363800A82D93 /* SearchViewController.swift */,
			);
			path = ViewController;
			sourceTree = "<group>";
		};
/* End PBXGroup section */

/* Begin PBXNativeTarget section */
		DEE5E07023BACF8300CA3E9B /* UICollectionViewCompositionalLayoutExample */ = {
			isa = PBXNativeTarget;
			buildConfigurationList = DEE5E09B23BACF8500CA3E9B /* Build configuration list for PBXNativeTarget "UICollectionViewCompositionalLayoutExample" */;
			buildPhases = (
				615B8FAA6D010DC59A04D1A3 /* [CP] Check Pods Manifest.lock */,
				DEE5E06D23BACF8300CA3E9B /* Sources */,
				DEE5E06E23BACF8300CA3E9B /* Frameworks */,
				DEE5E06F23BACF8300CA3E9B /* Resources */,
				DDF666E5A42F63C671BE8A38 /* [CP] Embed Pods Frameworks */,
			);
			buildRules = (
			);
			dependencies = (
			);
			name = UICollectionViewCompositionalLayoutExample;
			productName = UICollectionViewCompositionalLayoutExample;
			productReference = DEE5E07123BACF8300CA3E9B /* UICollectionViewCompositionalLayoutExample.app */;
			productType = "com.apple.product-type.application";
		};
		DEE5E08623BACF8500CA3E9B /* UICollectionViewCompositionalLayoutExampleTests */ = {
			isa = PBXNativeTarget;
			buildConfigurationList = DEE5E09E23BACF8500CA3E9B /* Build configuration list for PBXNativeTarget "UICollectionViewCompositionalLayoutExampleTests" */;
			buildPhases = (
				DEE5E08323BACF8500CA3E9B /* Sources */,
				DEE5E08423BACF8500CA3E9B /* Frameworks */,
				DEE5E08523BACF8500CA3E9B /* Resources */,
			);
			buildRules = (
			);
			dependencies = (
				DEE5E08923BACF8500CA3E9B /* PBXTargetDependency */,
			);
			name = UICollectionViewCompositionalLayoutExampleTests;
			productName = UICollectionViewCompositionalLayoutExampleTests;
			productReference = DEE5E08723BACF8500CA3E9B /* UICollectionViewCompositionalLayoutExampleTests.xctest */;
			productType = "com.apple.product-type.bundle.unit-test";
		};
		DEE5E09123BACF8500CA3E9B /* UICollectionViewCompositionalLayoutExampleUITests */ = {
			isa = PBXNativeTarget;
			buildConfigurationList = DEE5E0A123BACF8500CA3E9B /* Build configuration list for PBXNativeTarget "UICollectionViewCompositionalLayoutExampleUITests" */;
			buildPhases = (
				DEE5E08E23BACF8500CA3E9B /* Sources */,
				DEE5E08F23BACF8500CA3E9B /* Frameworks */,
				DEE5E09023BACF8500CA3E9B /* Resources */,
			);
			buildRules = (
			);
			dependencies = (
				DEE5E09423BACF8500CA3E9B /* PBXTargetDependency */,
			);
			name = UICollectionViewCompositionalLayoutExampleUITests;
			productName = UICollectionViewCompositionalLayoutExampleUITests;
			productReference = DEE5E09223BACF8500CA3E9B /* UICollectionViewCompositionalLayoutExampleUITests.xctest */;
			productType = "com.apple.product-type.bundle.ui-testing";
		};
/* End PBXNativeTarget section */

/* Begin PBXProject section */
		DEE5E06923BACF8300CA3E9B /* Project object */ = {
			isa = PBXProject;
			attributes = {
				LastSwiftUpdateCheck = 1110;
				LastUpgradeCheck = 1110;
				ORGANIZATIONNAME = "酒井文也";
				TargetAttributes = {
					DEE5E07023BACF8300CA3E9B = {
						CreatedOnToolsVersion = 11.1;
					};
					DEE5E08623BACF8500CA3E9B = {
						CreatedOnToolsVersion = 11.1;
						TestTargetID = DEE5E07023BACF8300CA3E9B;
					};
					DEE5E09123BACF8500CA3E9B = {
						CreatedOnToolsVersion = 11.1;
						TestTargetID = DEE5E07023BACF8300CA3E9B;
					};
				};
			};
			buildConfigurationList = DEE5E06C23BACF8300CA3E9B /* Build configuration list for PBXProject "UICollectionViewCompositionalLayoutExample" */;
			compatibilityVersion = "Xcode 9.3";
			developmentRegion = en;
			hasScannedForEncodings = 0;
			knownRegions = (
				en,
				Base,
			);
			mainGroup = DEE5E06823BACF8300CA3E9B;
			productRefGroup = DEE5E07223BACF8300CA3E9B /* Products */;
			projectDirPath = "";
			projectRoot = "";
			targets = (
				DEE5E07023BACF8300CA3E9B /* UICollectionViewCompositionalLayoutExample */,
				DEE5E08623BACF8500CA3E9B /* UICollectionViewCompositionalLayoutExampleTests */,
				DEE5E09123BACF8500CA3E9B /* UICollectionViewCompositionalLayoutExampleUITests */,
			);
		};
/* End PBXProject section */

/* Begin PBXResourcesBuildPhase section */
		DEE5E06F23BACF8300CA3E9B /* Resources */ = {
			isa = PBXResourcesBuildPhase;
			buildActionMask = 2147483647;
			files = (
				DEE5E08123BACF8500CA3E9B /* LaunchScreen.storyboard in Resources */,
				DEE5E07E23BACF8500CA3E9B /* Assets.xcassets in Resources */,
				DEE5E07C23BACF8300CA3E9B /* Main.storyboard in Resources */,
			);
			runOnlyForDeploymentPostprocessing = 0;
		};
		DEE5E08523BACF8500CA3E9B /* Resources */ = {
			isa = PBXResourcesBuildPhase;
			buildActionMask = 2147483647;
			files = (
			);
			runOnlyForDeploymentPostprocessing = 0;
		};
		DEE5E09023BACF8500CA3E9B /* Resources */ = {
			isa = PBXResourcesBuildPhase;
			buildActionMask = 2147483647;
			files = (
			);
			runOnlyForDeploymentPostprocessing = 0;
		};
/* End PBXResourcesBuildPhase section */

/* Begin PBXShellScriptBuildPhase section */
		615B8FAA6D010DC59A04D1A3 /* [CP] Check Pods Manifest.lock */ = {
			isa = PBXShellScriptBuildPhase;
			buildActionMask = 2147483647;
			files = (
			);
			inputFileListPaths = (
			);
			inputPaths = (
				"${PODS_PODFILE_DIR_PATH}/Podfile.lock",
				"${PODS_ROOT}/Manifest.lock",
			);
			name = "[CP] Check Pods Manifest.lock";
			outputFileListPaths = (
			);
			outputPaths = (
				"$(DERIVED_FILE_DIR)/Pods-UICollectionViewCompositionalLayoutExample-checkManifestLockResult.txt",
			);
			runOnlyForDeploymentPostprocessing = 0;
			shellPath = /bin/sh;
			shellScript = "diff \"${PODS_PODFILE_DIR_PATH}/Podfile.lock\" \"${PODS_ROOT}/Manifest.lock\" > /dev/null\nif [ $? != 0 ] ; then\n    # print error to STDERR\n    echo \"error: The sandbox is not in sync with the Podfile.lock. Run 'pod install' or update your CocoaPods installation.\" >&2\n    exit 1\nfi\n# This output is used by Xcode 'outputs' to avoid re-running this script phase.\necho \"SUCCESS\" > \"${SCRIPT_OUTPUT_FILE_0}\"\n";
			showEnvVarsInLog = 0;
		};
		DDF666E5A42F63C671BE8A38 /* [CP] Embed Pods Frameworks */ = {
			isa = PBXShellScriptBuildPhase;
			buildActionMask = 2147483647;
			files = (
			);
			inputFileListPaths = (
				"${PODS_ROOT}/Target Support Files/Pods-UICollectionViewCompositionalLayoutExample/Pods-UICollectionViewCompositionalLayoutExample-frameworks-${CONFIGURATION}-input-files.xcfilelist",
			);
			name = "[CP] Embed Pods Frameworks";
			outputFileListPaths = (
				"${PODS_ROOT}/Target Support Files/Pods-UICollectionViewCompositionalLayoutExample/Pods-UICollectionViewCompositionalLayoutExample-frameworks-${CONFIGURATION}-output-files.xcfilelist",
			);
			runOnlyForDeploymentPostprocessing = 0;
			shellPath = /bin/sh;
			shellScript = "\"${PODS_ROOT}/Target Support Files/Pods-UICollectionViewCompositionalLayoutExample/Pods-UICollectionViewCompositionalLayoutExample-frameworks.sh\"\n";
			showEnvVarsInLog = 0;
		};
/* End PBXShellScriptBuildPhase section */

/* Begin PBXSourcesBuildPhase section */
		DEE5E06D23BACF8300CA3E9B /* Sources */ = {
			isa = PBXSourcesBuildPhase;
			buildActionMask = 2147483647;
			files = (
				DEF24CA023C1363800A82D93 /* SearchViewController.swift in Sources */,
				DEF24CA423C13F2E00A82D93 /* UIColorExtension.swift in Sources */,
				DEF24CB023C154DB00A82D93 /* Banner.swift in Sources */,
				DEF24CAA23C13FE900A82D93 /* UIViewControllerExtension.swift in Sources */,
				DEF24CB223C1558900A82D93 /* Recommend.swift in Sources */,
				DEE5E07923BACF8300CA3E9B /* MainViewController.swift in Sources */,
				DEF24CAE23C1533100A82D93 /* Article.swift in Sources */,
				DEF24C9E23C0E56200A82D93 /* PhotoViewController.swift in Sources */,
				DEF24CA623C13F7A00A82D93 /* UICollectionViewExtension.swift in Sources */,
				DEF24CB423C155BC00A82D93 /* Photo.swift in Sources */,
				DEF24CAC23C14CE300A82D93 /* APIRequestManager.swift in Sources */,
				DEF24CA223C13CFA00A82D93 /* NSObjectProtocolExtension.swift in Sources */,
				DEF24CA823C13F9700A82D93 /* UITableViewExtension.swift in Sources */,
				DEF24CB623C1596700A82D93 /* Keyword.swift in Sources */,
				DEE5E07523BACF8300CA3E9B /* AppDelegate.swift in Sources */,
				DEE5E07723BACF8300CA3E9B /* SceneDelegate.swift in Sources */,
			);
			runOnlyForDeploymentPostprocessing = 0;
		};
		DEE5E08323BACF8500CA3E9B /* Sources */ = {
			isa = PBXSourcesBuildPhase;
			buildActionMask = 2147483647;
			files = (
				DEE5E08C23BACF8500CA3E9B /* UICollectionViewCompositionalLayoutExampleTests.swift in Sources */,
			);
			runOnlyForDeploymentPostprocessing = 0;
		};
		DEE5E08E23BACF8500CA3E9B /* Sources */ = {
			isa = PBXSourcesBuildPhase;
			buildActionMask = 2147483647;
			files = (
				DEE5E09723BACF8500CA3E9B /* UICollectionViewCompositionalLayoutExampleUITests.swift in Sources */,
			);
			runOnlyForDeploymentPostprocessing = 0;
		};
/* End PBXSourcesBuildPhase section */

/* Begin PBXTargetDependency section */
		DEE5E08923BACF8500CA3E9B /* PBXTargetDependency */ = {
			isa = PBXTargetDependency;
			target = DEE5E07023BACF8300CA3E9B /* UICollectionViewCompositionalLayoutExample */;
			targetProxy = DEE5E08823BACF8500CA3E9B /* PBXContainerItemProxy */;
		};
		DEE5E09423BACF8500CA3E9B /* PBXTargetDependency */ = {
			isa = PBXTargetDependency;
			target = DEE5E07023BACF8300CA3E9B /* UICollectionViewCompositionalLayoutExample */;
			targetProxy = DEE5E09323BACF8500CA3E9B /* PBXContainerItemProxy */;
		};
/* End PBXTargetDependency section */

/* Begin PBXVariantGroup section */
		DEE5E07A23BACF8300CA3E9B /* Main.storyboard */ = {
			isa = PBXVariantGroup;
			children = (
				DEE5E07B23BACF8300CA3E9B /* Base */,
			);
			name = Main.storyboard;
			sourceTree = "<group>";
		};
		DEE5E07F23BACF8500CA3E9B /* LaunchScreen.storyboard */ = {
			isa = PBXVariantGroup;
			children = (
				DEE5E08023BACF8500CA3E9B /* Base */,
			);
			name = LaunchScreen.storyboard;
			sourceTree = "<group>";
		};
/* End PBXVariantGroup section */

/* Begin XCBuildConfiguration section */
		DEE5E09923BACF8500CA3E9B /* Debug */ = {
			isa = XCBuildConfiguration;
			buildSettings = {
				ALWAYS_SEARCH_USER_PATHS = NO;
				CLANG_ANALYZER_NONNULL = YES;
				CLANG_ANALYZER_NUMBER_OBJECT_CONVERSION = YES_AGGRESSIVE;
				CLANG_CXX_LANGUAGE_STANDARD = "gnu++14";
				CLANG_CXX_LIBRARY = "libc++";
				CLANG_ENABLE_MODULES = YES;
				CLANG_ENABLE_OBJC_ARC = YES;
				CLANG_ENABLE_OBJC_WEAK = YES;
				CLANG_WARN_BLOCK_CAPTURE_AUTORELEASING = YES;
				CLANG_WARN_BOOL_CONVERSION = YES;
				CLANG_WARN_COMMA = YES;
				CLANG_WARN_CONSTANT_CONVERSION = YES;
				CLANG_WARN_DEPRECATED_OBJC_IMPLEMENTATIONS = YES;
				CLANG_WARN_DIRECT_OBJC_ISA_USAGE = YES_ERROR;
				CLANG_WARN_DOCUMENTATION_COMMENTS = YES;
				CLANG_WARN_EMPTY_BODY = YES;
				CLANG_WARN_ENUM_CONVERSION = YES;
				CLANG_WARN_INFINITE_RECURSION = YES;
				CLANG_WARN_INT_CONVERSION = YES;
				CLANG_WARN_NON_LITERAL_NULL_CONVERSION = YES;
				CLANG_WARN_OBJC_IMPLICIT_RETAIN_SELF = YES;
				CLANG_WARN_OBJC_LITERAL_CONVERSION = YES;
				CLANG_WARN_OBJC_ROOT_CLASS = YES_ERROR;
				CLANG_WARN_RANGE_LOOP_ANALYSIS = YES;
				CLANG_WARN_STRICT_PROTOTYPES = YES;
				CLANG_WARN_SUSPICIOUS_MOVE = YES;
				CLANG_WARN_UNGUARDED_AVAILABILITY = YES_AGGRESSIVE;
				CLANG_WARN_UNREACHABLE_CODE = YES;
				CLANG_WARN__DUPLICATE_METHOD_MATCH = YES;
				COPY_PHASE_STRIP = NO;
				DEBUG_INFORMATION_FORMAT = dwarf;
				ENABLE_STRICT_OBJC_MSGSEND = YES;
				ENABLE_TESTABILITY = YES;
				GCC_C_LANGUAGE_STANDARD = gnu11;
				GCC_DYNAMIC_NO_PIC = NO;
				GCC_NO_COMMON_BLOCKS = YES;
				GCC_OPTIMIZATION_LEVEL = 0;
				GCC_PREPROCESSOR_DEFINITIONS = (
					"DEBUG=1",
					"$(inherited)",
				);
				GCC_WARN_64_TO_32_BIT_CONVERSION = YES;
				GCC_WARN_ABOUT_RETURN_TYPE = YES_ERROR;
				GCC_WARN_UNDECLARED_SELECTOR = YES;
				GCC_WARN_UNINITIALIZED_AUTOS = YES_AGGRESSIVE;
				GCC_WARN_UNUSED_FUNCTION = YES;
				GCC_WARN_UNUSED_VARIABLE = YES;
				IPHONEOS_DEPLOYMENT_TARGET = 13.1;
				MTL_ENABLE_DEBUG_INFO = INCLUDE_SOURCE;
				MTL_FAST_MATH = YES;
				ONLY_ACTIVE_ARCH = YES;
				SDKROOT = iphoneos;
				SWIFT_ACTIVE_COMPILATION_CONDITIONS = DEBUG;
				SWIFT_OPTIMIZATION_LEVEL = "-Onone";
			};
			name = Debug;
		};
		DEE5E09A23BACF8500CA3E9B /* Release */ = {
			isa = XCBuildConfiguration;
			buildSettings = {
				ALWAYS_SEARCH_USER_PATHS = NO;
				CLANG_ANALYZER_NONNULL = YES;
				CLANG_ANALYZER_NUMBER_OBJECT_CONVERSION = YES_AGGRESSIVE;
				CLANG_CXX_LANGUAGE_STANDARD = "gnu++14";
				CLANG_CXX_LIBRARY = "libc++";
				CLANG_ENABLE_MODULES = YES;
				CLANG_ENABLE_OBJC_ARC = YES;
				CLANG_ENABLE_OBJC_WEAK = YES;
				CLANG_WARN_BLOCK_CAPTURE_AUTORELEASING = YES;
				CLANG_WARN_BOOL_CONVERSION = YES;
				CLANG_WARN_COMMA = YES;
				CLANG_WARN_CONSTANT_CONVERSION = YES;
				CLANG_WARN_DEPRECATED_OBJC_IMPLEMENTATIONS = YES;
				CLANG_WARN_DIRECT_OBJC_ISA_USAGE = YES_ERROR;
				CLANG_WARN_DOCUMENTATION_COMMENTS = YES;
				CLANG_WARN_EMPTY_BODY = YES;
				CLANG_WARN_ENUM_CONVERSION = YES;
				CLANG_WARN_INFINITE_RECURSION = YES;
				CLANG_WARN_INT_CONVERSION = YES;
				CLANG_WARN_NON_LITERAL_NULL_CONVERSION = YES;
				CLANG_WARN_OBJC_IMPLICIT_RETAIN_SELF = YES;
				CLANG_WARN_OBJC_LITERAL_CONVERSION = YES;
				CLANG_WARN_OBJC_ROOT_CLASS = YES_ERROR;
				CLANG_WARN_RANGE_LOOP_ANALYSIS = YES;
				CLANG_WARN_STRICT_PROTOTYPES = YES;
				CLANG_WARN_SUSPICIOUS_MOVE = YES;
				CLANG_WARN_UNGUARDED_AVAILABILITY = YES_AGGRESSIVE;
				CLANG_WARN_UNREACHABLE_CODE = YES;
				CLANG_WARN__DUPLICATE_METHOD_MATCH = YES;
				COPY_PHASE_STRIP = NO;
				DEBUG_INFORMATION_FORMAT = "dwarf-with-dsym";
				ENABLE_NS_ASSERTIONS = NO;
				ENABLE_STRICT_OBJC_MSGSEND = YES;
				GCC_C_LANGUAGE_STANDARD = gnu11;
				GCC_NO_COMMON_BLOCKS = YES;
				GCC_WARN_64_TO_32_BIT_CONVERSION = YES;
				GCC_WARN_ABOUT_RETURN_TYPE = YES_ERROR;
				GCC_WARN_UNDECLARED_SELECTOR = YES;
				GCC_WARN_UNINITIALIZED_AUTOS = YES_AGGRESSIVE;
				GCC_WARN_UNUSED_FUNCTION = YES;
				GCC_WARN_UNUSED_VARIABLE = YES;
				IPHONEOS_DEPLOYMENT_TARGET = 13.1;
				MTL_ENABLE_DEBUG_INFO = NO;
				MTL_FAST_MATH = YES;
				SDKROOT = iphoneos;
				SWIFT_COMPILATION_MODE = wholemodule;
				SWIFT_OPTIMIZATION_LEVEL = "-O";
				VALIDATE_PRODUCT = YES;
			};
			name = Release;
		};
		DEE5E09C23BACF8500CA3E9B /* Debug */ = {
			isa = XCBuildConfiguration;
			baseConfigurationReference = A2465750F607CE30D8B72997 /* Pods-UICollectionViewCompositionalLayoutExample.debug.xcconfig */;
			buildSettings = {
				ASSETCATALOG_COMPILER_APPICON_NAME = AppIcon;
				CODE_SIGN_STYLE = Automatic;
				DEVELOPMENT_TEAM = S5BF5553KY;
				INFOPLIST_FILE = UICollectionViewCompositionalLayoutExample/Info.plist;
				LD_RUNPATH_SEARCH_PATHS = (
					"$(inherited)",
					"@executable_path/Frameworks",
				);
				PRODUCT_BUNDLE_IDENTIFIER = com.just1factory.UICollectionViewCompositionalLayoutExample;
				PRODUCT_NAME = "$(TARGET_NAME)";
				SWIFT_VERSION = 5.0;
				TARGETED_DEVICE_FAMILY = "1,2";
			};
			name = Debug;
		};
		DEE5E09D23BACF8500CA3E9B /* Release */ = {
			isa = XCBuildConfiguration;
			baseConfigurationReference = 15643D8768A95C6D79188D2F /* Pods-UICollectionViewCompositionalLayoutExample.release.xcconfig */;
			buildSettings = {
				ASSETCATALOG_COMPILER_APPICON_NAME = AppIcon;
				CODE_SIGN_STYLE = Automatic;
				DEVELOPMENT_TEAM = S5BF5553KY;
				INFOPLIST_FILE = UICollectionViewCompositionalLayoutExample/Info.plist;
				LD_RUNPATH_SEARCH_PATHS = (
					"$(inherited)",
					"@executable_path/Frameworks",
				);
				PRODUCT_BUNDLE_IDENTIFIER = com.just1factory.UICollectionViewCompositionalLayoutExample;
				PRODUCT_NAME = "$(TARGET_NAME)";
				SWIFT_VERSION = 5.0;
				TARGETED_DEVICE_FAMILY = "1,2";
			};
			name = Release;
		};
		DEE5E09F23BACF8500CA3E9B /* Debug */ = {
			isa = XCBuildConfiguration;
			buildSettings = {
				ALWAYS_EMBED_SWIFT_STANDARD_LIBRARIES = YES;
				BUNDLE_LOADER = "$(TEST_HOST)";
				CODE_SIGN_STYLE = Automatic;
				DEVELOPMENT_TEAM = S5BF5553KY;
				INFOPLIST_FILE = UICollectionViewCompositionalLayoutExampleTests/Info.plist;
				IPHONEOS_DEPLOYMENT_TARGET = 13.1;
				LD_RUNPATH_SEARCH_PATHS = (
					"$(inherited)",
					"@executable_path/Frameworks",
					"@loader_path/Frameworks",
				);
				PRODUCT_BUNDLE_IDENTIFIER = com.just1factory.UICollectionViewCompositionalLayoutExampleTests;
				PRODUCT_NAME = "$(TARGET_NAME)";
				SWIFT_VERSION = 5.0;
				TARGETED_DEVICE_FAMILY = "1,2";
				TEST_HOST = "$(BUILT_PRODUCTS_DIR)/UICollectionViewCompositionalLayoutExample.app/UICollectionViewCompositionalLayoutExample";
			};
			name = Debug;
		};
		DEE5E0A023BACF8500CA3E9B /* Release */ = {
			isa = XCBuildConfiguration;
			buildSettings = {
				ALWAYS_EMBED_SWIFT_STANDARD_LIBRARIES = YES;
				BUNDLE_LOADER = "$(TEST_HOST)";
				CODE_SIGN_STYLE = Automatic;
				DEVELOPMENT_TEAM = S5BF5553KY;
				INFOPLIST_FILE = UICollectionViewCompositionalLayoutExampleTests/Info.plist;
				IPHONEOS_DEPLOYMENT_TARGET = 13.1;
				LD_RUNPATH_SEARCH_PATHS = (
					"$(inherited)",
					"@executable_path/Frameworks",
					"@loader_path/Frameworks",
				);
				PRODUCT_BUNDLE_IDENTIFIER = com.just1factory.UICollectionViewCompositionalLayoutExampleTests;
				PRODUCT_NAME = "$(TARGET_NAME)";
				SWIFT_VERSION = 5.0;
				TARGETED_DEVICE_FAMILY = "1,2";
				TEST_HOST = "$(BUILT_PRODUCTS_DIR)/UICollectionViewCompositionalLayoutExample.app/UICollectionViewCompositionalLayoutExample";
			};
			name = Release;
		};
		DEE5E0A223BACF8500CA3E9B /* Debug */ = {
			isa = XCBuildConfiguration;
			buildSettings = {
				ALWAYS_EMBED_SWIFT_STANDARD_LIBRARIES = YES;
				CODE_SIGN_STYLE = Automatic;
				DEVELOPMENT_TEAM = S5BF5553KY;
				INFOPLIST_FILE = UICollectionViewCompositionalLayoutExampleUITests/Info.plist;
				LD_RUNPATH_SEARCH_PATHS = (
					"$(inherited)",
					"@executable_path/Frameworks",
					"@loader_path/Frameworks",
				);
				PRODUCT_BUNDLE_IDENTIFIER = com.just1factory.UICollectionViewCompositionalLayoutExampleUITests;
				PRODUCT_NAME = "$(TARGET_NAME)";
				SWIFT_VERSION = 5.0;
				TARGETED_DEVICE_FAMILY = "1,2";
				TEST_TARGET_NAME = UICollectionViewCompositionalLayoutExample;
			};
			name = Debug;
		};
		DEE5E0A323BACF8500CA3E9B /* Release */ = {
			isa = XCBuildConfiguration;
			buildSettings = {
				ALWAYS_EMBED_SWIFT_STANDARD_LIBRARIES = YES;
				CODE_SIGN_STYLE = Automatic;
				DEVELOPMENT_TEAM = S5BF5553KY;
				INFOPLIST_FILE = UICollectionViewCompositionalLayoutExampleUITests/Info.plist;
				LD_RUNPATH_SEARCH_PATHS = (
					"$(inherited)",
					"@executable_path/Frameworks",
					"@loader_path/Frameworks",
				);
				PRODUCT_BUNDLE_IDENTIFIER = com.just1factory.UICollectionViewCompositionalLayoutExampleUITests;
				PRODUCT_NAME = "$(TARGET_NAME)";
				SWIFT_VERSION = 5.0;
				TARGETED_DEVICE_FAMILY = "1,2";
				TEST_TARGET_NAME = UICollectionViewCompositionalLayoutExample;
			};
			name = Release;
		};
/* End XCBuildConfiguration section */

/* Begin XCConfigurationList section */
		DEE5E06C23BACF8300CA3E9B /* Build configuration list for PBXProject "UICollectionViewCompositionalLayoutExample" */ = {
			isa = XCConfigurationList;
			buildConfigurations = (
				DEE5E09923BACF8500CA3E9B /* Debug */,
				DEE5E09A23BACF8500CA3E9B /* Release */,
			);
			defaultConfigurationIsVisible = 0;
			defaultConfigurationName = Release;
		};
		DEE5E09B23BACF8500CA3E9B /* Build configuration list for PBXNativeTarget "UICollectionViewCompositionalLayoutExample" */ = {
			isa = XCConfigurationList;
			buildConfigurations = (
				DEE5E09C23BACF8500CA3E9B /* Debug */,
				DEE5E09D23BACF8500CA3E9B /* Release */,
			);
			defaultConfigurationIsVisible = 0;
			defaultConfigurationName = Release;
		};
		DEE5E09E23BACF8500CA3E9B /* Build configuration list for PBXNativeTarget "UICollectionViewCompositionalLayoutExampleTests" */ = {
			isa = XCConfigurationList;
			buildConfigurations = (
				DEE5E09F23BACF8500CA3E9B /* Debug */,
				DEE5E0A023BACF8500CA3E9B /* Release */,
			);
			defaultConfigurationIsVisible = 0;
			defaultConfigurationName = Release;
		};
		DEE5E0A123BACF8500CA3E9B /* Build configuration list for PBXNativeTarget "UICollectionViewCompositionalLayoutExampleUITests" */ = {
			isa = XCConfigurationList;
			buildConfigurations = (
				DEE5E0A223BACF8500CA3E9B /* Debug */,
				DEE5E0A323BACF8500CA3E9B /* Release */,
			);
			defaultConfigurationIsVisible = 0;
			defaultConfigurationName = Release;
		};
/* End XCConfigurationList section */
	};
	rootObject = DEE5E06923BACF8300CA3E9B /* Project object */;
}
