// !$*UTF8*$!
{
	archiveVersion = 1;
	classes = {
	};
	objectVersion = 50;
	objects = {

/* Begin PBXBuildFile section */
		DE066B11236711090029383E /* AppDelegate.swift in Sources */ = {isa = PBXBuildFile; fileRef = DE066B10236711090029383E /* AppDelegate.swift */; };
		DE066B13236711090029383E /* SceneDelegate.swift in Sources */ = {isa = PBXBuildFile; fileRef = DE066B12236711090029383E /* SceneDelegate.swift */; };
		DE066B15236711090029383E /* MainViewController.swift in Sources */ = {isa = PBXBuildFile; fileRef = DE066B14236711090029383E /* MainViewController.swift */; };
		DE066B18236711090029383E /* Main.storyboard in Resources */ = {isa = PBXBuildFile; fileRef = DE066B16236711090029383E /* Main.storyboard */; };
		DE066B1A2367110C0029383E /* Assets.xcassets in Resources */ = {isa = PBXBuildFile; fileRef = DE066B192367110C0029383E /* Assets.xcassets */; };
		DE066B1D2367110C0029383E /* LaunchScreen.storyboard in Resources */ = {isa = PBXBuildFile; fileRef = DE066B1B2367110C0029383E /* LaunchScreen.storyboard */; };
		DE066B282367110C0029383E /* MediaStyleInfiniteTabScrollTests.swift in Sources */ = {isa = PBXBuildFile; fileRef = DE066B272367110C0029383E /* MediaStyleInfiniteTabScrollTests.swift */; };
		DE066B332367110C0029383E /* MediaStyleInfiniteTabScrollUITests.swift in Sources */ = {isa = PBXBuildFile; fileRef = DE066B322367110C0029383E /* MediaStyleInfiniteTabScrollUITests.swift */; };
		DE066BC2236716840029383E /* CustomViewBase.swift in Sources */ = {isa = PBXBuildFile; fileRef = DE066BC1236716840029383E /* CustomViewBase.swift */; };
		DE066BC42367183E0029383E /* NSObjectProtocolExtension.swift in Sources */ = {isa = PBXBuildFile; fileRef = DE066BC32367183E0029383E /* NSObjectProtocolExtension.swift */; };
		DE066BC6236718740029383E /* UICollectionViewExtension.swift in Sources */ = {isa = PBXBuildFile; fileRef = DE066BC5236718740029383E /* UICollectionViewExtension.swift */; };
		DE066BC8236718AD0029383E /* UIColorExtension.swift in Sources */ = {isa = PBXBuildFile; fileRef = DE066BC7236718AD0029383E /* UIColorExtension.swift */; };
		DE066BCA236719420029383E /* UIViewControllerExtension.swift in Sources */ = {isa = PBXBuildFile; fileRef = DE066BC9236719420029383E /* UIViewControllerExtension.swift */; };
		DE066BCF23671C910029383E /* DetailViewController.swift in Sources */ = {isa = PBXBuildFile; fileRef = DE066BCE23671C910029383E /* DetailViewController.swift */; };
		DE066BD3236727B30029383E /* Detail.storyboard in Resources */ = {isa = PBXBuildFile; fileRef = DE066BD1236727B30029383E /* Detail.storyboard */; };
		DE066BD823673AA10029383E /* List.storyboard in Resources */ = {isa = PBXBuildFile; fileRef = DE066BD623673AA10029383E /* List.storyboard */; };
		DE066BDC23673B110029383E /* ListViewController.swift in Sources */ = {isa = PBXBuildFile; fileRef = DE066BDB23673B110029383E /* ListViewController.swift */; };
		DE248993236A4C890081751C /* ListCollectionViewCell.swift in Sources */ = {isa = PBXBuildFile; fileRef = DE248991236A4C890081751C /* ListCollectionViewCell.swift */; };
		DE248994236A4C890081751C /* ListCollectionViewCell.xib in Resources */ = {isa = PBXBuildFile; fileRef = DE248992236A4C890081751C /* ListCollectionViewCell.xib */; };
		DE86A94123882E5600086622 /* DetailSwitchButtonsView.xib in Resources */ = {isa = PBXBuildFile; fileRef = DE86A94023882E5600086622 /* DetailSwitchButtonsView.xib */; };
		DE86A94323882E6300086622 /* DetailSwitchButtonsView.swift in Sources */ = {isa = PBXBuildFile; fileRef = DE86A94223882E6300086622 /* DetailSwitchButtonsView.swift */; };
		DE8DBDEF238902C600E09AD7 /* DetailInformationTableViewCell.swift in Sources */ = {isa = PBXBuildFile; fileRef = DE8DBDED238902C600E09AD7 /* DetailInformationTableViewCell.swift */; };
		DE8DBDF0238902C600E09AD7 /* DetailInformationTableViewCell.xib in Resources */ = {isa = PBXBuildFile; fileRef = DE8DBDEE238902C600E09AD7 /* DetailInformationTableViewCell.xib */; };
		DE8DBDF4238902F900E09AD7 /* DetailCommentTableViewCell.swift in Sources */ = {isa = PBXBuildFile; fileRef = DE8DBDF2238902F900E09AD7 /* DetailCommentTableViewCell.swift */; };
		DE8DBDF5238902F900E09AD7 /* DetailCommentTableViewCell.xib in Resources */ = {isa = PBXBuildFile; fileRef = DE8DBDF3238902F900E09AD7 /* DetailCommentTableViewCell.xib */; };
		DE8DBDFA238A1AEF00E09AD7 /* SemiModal.storyboard in Resources */ = {isa = PBXBuildFile; fileRef = DE8DBDF8238A1AEF00E09AD7 /* SemiModal.storyboard */; };
		DE8DBDFC238A1EE500E09AD7 /* SemiModalViewController.swift in Sources */ = {isa = PBXBuildFile; fileRef = DE8DBDFB238A1EE500E09AD7 /* SemiModalViewController.swift */; };
		DE96B8DE23B923EA009BA0AF /* SemiModalTransitionable.swift in Sources */ = {isa = PBXBuildFile; fileRef = DE96B8DD23B923EA009BA0AF /* SemiModalTransitionable.swift */; };
		DE96B8E023B923FF009BA0AF /* SemiModalTransitioningInteractor.swift in Sources */ = {isa = PBXBuildFile; fileRef = DE96B8DF23B923FF009BA0AF /* SemiModalTransitioningInteractor.swift */; };
		DE96B8E223B92438009BA0AF /* SemiModalPresentationController.swift in Sources */ = {isa = PBXBuildFile; fileRef = DE96B8E123B92438009BA0AF /* SemiModalPresentationController.swift */; };
		DE96B8E423B938B4009BA0AF /* SemiModalDismissAnimator.swift in Sources */ = {isa = PBXBuildFile; fileRef = DE96B8E323B938B4009BA0AF /* SemiModalDismissAnimator.swift */; };
		DE96B8E623BA0194009BA0AF /* ArticleEntity.swift in Sources */ = {isa = PBXBuildFile; fileRef = DE96B8E523BA0194009BA0AF /* ArticleEntity.swift */; };
		DE96B8E823BA01A3009BA0AF /* ArticleInformationEntity.swift in Sources */ = {isa = PBXBuildFile; fileRef = DE96B8E723BA01A3009BA0AF /* ArticleInformationEntity.swift */; };
		DE96B8EA23BA46A3009BA0AF /* ArticleModel.swift in Sources */ = {isa = PBXBuildFile; fileRef = DE96B8E923BA46A3009BA0AF /* ArticleModel.swift */; };
		DE96B8ED23BA60D9009BA0AF /* ArticleDetailModel.swift in Sources */ = {isa = PBXBuildFile; fileRef = DE96B8EC23BA60D9009BA0AF /* ArticleDetailModel.swift */; };
		DE96B8F123BA84D1009BA0AF /* ArticleCommentEntity.swift in Sources */ = {isa = PBXBuildFile; fileRef = DE96B8F023BA84D1009BA0AF /* ArticleCommentEntity.swift */; };
		DE96B8F323BA8ED6009BA0AF /* UILabelDecorator.swift in Sources */ = {isa = PBXBuildFile; fileRef = DE96B8F223BA8ED6009BA0AF /* UILabelDecorator.swift */; };
		DEA5B350238B98930047F2DF /* MainScrollTitleViewController.swift in Sources */ = {isa = PBXBuildFile; fileRef = DEA5B34F238B98930047F2DF /* MainScrollTitleViewController.swift */; };
		DEAEB7862381F78C007924B2 /* DetailHeaderView.swift in Sources */ = {isa = PBXBuildFile; fileRef = DEAEB7852381F78C007924B2 /* DetailHeaderView.swift */; };
		DED6F1DF238D708300A0168E /* UITableViewExtension.swift in Sources */ = {isa = PBXBuildFile; fileRef = DED6F1DE238D708300A0168E /* UITableViewExtension.swift */; };
/* End PBXBuildFile section */

/* Begin PBXContainerItemProxy section */
		DE066B242367110C0029383E /* PBXContainerItemProxy */ = {
			isa = PBXContainerItemProxy;
			containerPortal = DE066B05236711090029383E /* Project object */;
			proxyType = 1;
			remoteGlobalIDString = DE066B0C236711090029383E;
			remoteInfo = MediaStyleInfiniteTabScroll;
		};
		DE066B2F2367110C0029383E /* PBXContainerItemProxy */ = {
			isa = PBXContainerItemProxy;
			containerPortal = DE066B05236711090029383E /* Project object */;
			proxyType = 1;
			remoteGlobalIDString = DE066B0C236711090029383E;
			remoteInfo = MediaStyleInfiniteTabScroll;
		};
/* End PBXContainerItemProxy section */

/* Begin PBXFileReference section */
		DE066B0D236711090029383E /* MediaStyleInfiniteTabScroll.app */ = {isa = PBXFileReference; explicitFileType = wrapper.application; includeInIndex = 0; path = MediaStyleInfiniteTabScroll.app; sourceTree = BUILT_PRODUCTS_DIR; };
		DE066B10236711090029383E /* AppDelegate.swift */ = {isa = PBXFileReference; lastKnownFileType = sourcecode.swift; path = AppDelegate.swift; sourceTree = "<group>"; };
		DE066B12236711090029383E /* SceneDelegate.swift */ = {isa = PBXFileReference; lastKnownFileType = sourcecode.swift; path = SceneDelegate.swift; sourceTree = "<group>"; };
		DE066B14236711090029383E /* MainViewController.swift */ = {isa = PBXFileReference; lastKnownFileType = sourcecode.swift; path = MainViewController.swift; sourceTree = "<group>"; };
		DE066B17236711090029383E /* Base */ = {isa = PBXFileReference; lastKnownFileType = file.storyboard; name = Base; path = Base.lproj/Main.storyboard; sourceTree = "<group>"; };
		DE066B192367110C0029383E /* Assets.xcassets */ = {isa = PBXFileReference; lastKnownFileType = folder.assetcatalog; path = Assets.xcassets; sourceTree = "<group>"; };
		DE066B1C2367110C0029383E /* Base */ = {isa = PBXFileReference; lastKnownFileType = file.storyboard; name = Base; path = Base.lproj/LaunchScreen.storyboard; sourceTree = "<group>"; };
		DE066B1E2367110C0029383E /* Info.plist */ = {isa = PBXFileReference; lastKnownFileType = text.plist.xml; path = Info.plist; sourceTree = "<group>"; };
		DE066B232367110C0029383E /* MediaStyleInfiniteTabScrollTests.xctest */ = {isa = PBXFileReference; explicitFileType = wrapper.cfbundle; includeInIndex = 0; path = MediaStyleInfiniteTabScrollTests.xctest; sourceTree = BUILT_PRODUCTS_DIR; };
		DE066B272367110C0029383E /* MediaStyleInfiniteTabScrollTests.swift */ = {isa = PBXFileReference; lastKnownFileType = sourcecode.swift; path = MediaStyleInfiniteTabScrollTests.swift; sourceTree = "<group>"; };
		DE066B292367110C0029383E /* Info.plist */ = {isa = PBXFileReference; lastKnownFileType = text.plist.xml; path = Info.plist; sourceTree = "<group>"; };
		DE066B2E2367110C0029383E /* MediaStyleInfiniteTabScrollUITests.xctest */ = {isa = PBXFileReference; explicitFileType = wrapper.cfbundle; includeInIndex = 0; path = MediaStyleInfiniteTabScrollUITests.xctest; sourceTree = BUILT_PRODUCTS_DIR; };
		DE066B322367110C0029383E /* MediaStyleInfiniteTabScrollUITests.swift */ = {isa = PBXFileReference; lastKnownFileType = sourcecode.swift; path = MediaStyleInfiniteTabScrollUITests.swift; sourceTree = "<group>"; };
		DE066B342367110C0029383E /* Info.plist */ = {isa = PBXFileReference; lastKnownFileType = text.plist.xml; path = Info.plist; sourceTree = "<group>"; };
		DE066BC1236716840029383E /* CustomViewBase.swift */ = {isa = PBXFileReference; lastKnownFileType = sourcecode.swift; path = CustomViewBase.swift; sourceTree = "<group>"; };
		DE066BC32367183E0029383E /* NSObjectProtocolExtension.swift */ = {isa = PBXFileReference; lastKnownFileType = sourcecode.swift; path = NSObjectProtocolExtension.swift; sourceTree = "<group>"; };
		DE066BC5236718740029383E /* UICollectionViewExtension.swift */ = {isa = PBXFileReference; lastKnownFileType = sourcecode.swift; path = UICollectionViewExtension.swift; sourceTree = "<group>"; };
		DE066BC7236718AD0029383E /* UIColorExtension.swift */ = {isa = PBXFileReference; lastKnownFileType = sourcecode.swift; path = UIColorExtension.swift; sourceTree = "<group>"; };
		DE066BC9236719420029383E /* UIViewControllerExtension.swift */ = {isa = PBXFileReference; lastKnownFileType = sourcecode.swift; path = UIViewControllerExtension.swift; sourceTree = "<group>"; };
		DE066BCE23671C910029383E /* DetailViewController.swift */ = {isa = PBXFileReference; lastKnownFileType = sourcecode.swift; path = DetailViewController.swift; sourceTree = "<group>"; };
		DE066BD2236727B30029383E /* Base */ = {isa = PBXFileReference; lastKnownFileType = file.storyboard; name = Base; path = Base.lproj/Detail.storyboard; sourceTree = "<group>"; };
		DE066BD723673AA10029383E /* Base */ = {isa = PBXFileReference; lastKnownFileType = file.storyboard; name = Base; path = Base.lproj/List.storyboard; sourceTree = "<group>"; };
		DE066BDB23673B110029383E /* ListViewController.swift */ = {isa = PBXFileReference; lastKnownFileType = sourcecode.swift; path = ListViewController.swift; sourceTree = "<group>"; };
		DE248991236A4C890081751C /* ListCollectionViewCell.swift */ = {isa = PBXFileReference; lastKnownFileType = sourcecode.swift; path = ListCollectionViewCell.swift; sourceTree = "<group>"; };
		DE248992236A4C890081751C /* ListCollectionViewCell.xib */ = {isa = PBXFileReference; lastKnownFileType = file.xib; path = ListCollectionViewCell.xib; sourceTree = "<group>"; };
		DE86A94023882E5600086622 /* DetailSwitchButtonsView.xib */ = {isa = PBXFileReference; lastKnownFileType = file.xib; path = DetailSwitchButtonsView.xib; sourceTree = "<group>"; };
		DE86A94223882E6300086622 /* DetailSwitchButtonsView.swift */ = {isa = PBXFileReference; lastKnownFileType = sourcecode.swift; path = DetailSwitchButtonsView.swift; sourceTree = "<group>"; };
		DE8DBDED238902C600E09AD7 /* DetailInformationTableViewCell.swift */ = {isa = PBXFileReference; lastKnownFileType = sourcecode.swift; path = DetailInformationTableViewCell.swift; sourceTree = "<group>"; };
		DE8DBDEE238902C600E09AD7 /* DetailInformationTableViewCell.xib */ = {isa = PBXFileReference; lastKnownFileType = file.xib; path = DetailInformationTableViewCell.xib; sourceTree = "<group>"; };
		DE8DBDF2238902F900E09AD7 /* DetailCommentTableViewCell.swift */ = {isa = PBXFileReference; lastKnownFileType = sourcecode.swift; path = DetailCommentTableViewCell.swift; sourceTree = "<group>"; };
		DE8DBDF3238902F900E09AD7 /* DetailCommentTableViewCell.xib */ = {isa = PBXFileReference; lastKnownFileType = file.xib; path = DetailCommentTableViewCell.xib; sourceTree = "<group>"; };
		DE8DBDF9238A1AEF00E09AD7 /* Base */ = {isa = PBXFileReference; lastKnownFileType = file.storyboard; name = Base; path = Base.lproj/SemiModal.storyboard; sourceTree = "<group>"; };
		DE8DBDFB238A1EE500E09AD7 /* SemiModalViewController.swift */ = {isa = PBXFileReference; lastKnownFileType = sourcecode.swift; path = SemiModalViewController.swift; sourceTree = "<group>"; };
		DE96B8DD23B923EA009BA0AF /* SemiModalTransitionable.swift */ = {isa = PBXFileReference; lastKnownFileType = sourcecode.swift; path = SemiModalTransitionable.swift; sourceTree = "<group>"; };
		DE96B8DF23B923FF009BA0AF /* SemiModalTransitioningInteractor.swift */ = {isa = PBXFileReference; lastKnownFileType = sourcecode.swift; path = SemiModalTransitioningInteractor.swift; sourceTree = "<group>"; };
		DE96B8E123B92438009BA0AF /* SemiModalPresentationController.swift */ = {isa = PBXFileReference; lastKnownFileType = sourcecode.swift; path = SemiModalPresentationController.swift; sourceTree = "<group>"; };
		DE96B8E323B938B4009BA0AF /* SemiModalDismissAnimator.swift */ = {isa = PBXFileReference; lastKnownFileType = sourcecode.swift; path = SemiModalDismissAnimator.swift; sourceTree = "<group>"; };
		DE96B8E523BA0194009BA0AF /* ArticleEntity.swift */ = {isa = PBXFileReference; lastKnownFileType = sourcecode.swift; path = ArticleEntity.swift; sourceTree = "<group>"; };
		DE96B8E723BA01A3009BA0AF /* ArticleInformationEntity.swift */ = {isa = PBXFileReference; lastKnownFileType = sourcecode.swift; path = ArticleInformationEntity.swift; sourceTree = "<group>"; };
		DE96B8E923BA46A3009BA0AF /* ArticleModel.swift */ = {isa = PBXFileReference; lastKnownFileType = sourcecode.swift; path = ArticleModel.swift; sourceTree = "<group>"; };
		DE96B8EC23BA60D9009BA0AF /* ArticleDetailModel.swift */ = {isa = PBXFileReference; lastKnownFileType = sourcecode.swift; path = ArticleDetailModel.swift; sourceTree = "<group>"; };
		DE96B8F023BA84D1009BA0AF /* ArticleCommentEntity.swift */ = {isa = PBXFileReference; lastKnownFileType = sourcecode.swift; path = ArticleCommentEntity.swift; sourceTree = "<group>"; };
		DE96B8F223BA8ED6009BA0AF /* UILabelDecorator.swift */ = {isa = PBXFileReference; lastKnownFileType = sourcecode.swift; path = UILabelDecorator.swift; sourceTree = "<group>"; };
		DEA5B34F238B98930047F2DF /* MainScrollTitleViewController.swift */ = {isa = PBXFileReference; lastKnownFileType = sourcecode.swift; path = MainScrollTitleViewController.swift; sourceTree = "<group>"; };
		DEAEB7852381F78C007924B2 /* DetailHeaderView.swift */ = {isa = PBXFileReference; lastKnownFileType = sourcecode.swift; path = DetailHeaderView.swift; sourceTree = "<group>"; };
		DED6F1DE238D708300A0168E /* UITableViewExtension.swift */ = {isa = PBXFileReference; lastKnownFileType = sourcecode.swift; path = UITableViewExtension.swift; sourceTree = "<group>"; };
/* End PBXFileReference section */

/* Begin PBXFrameworksBuildPhase section */
		DE066B0A236711090029383E /* Frameworks */ = {
			isa = PBXFrameworksBuildPhase;
			buildActionMask = 2147483647;
			files = (
			);
			runOnlyForDeploymentPostprocessing = 0;
		};
		DE066B202367110C0029383E /* Frameworks */ = {
			isa = PBXFrameworksBuildPhase;
			buildActionMask = 2147483647;
			files = (
			);
			runOnlyForDeploymentPostprocessing = 0;
		};
		DE066B2B2367110C0029383E /* Frameworks */ = {
			isa = PBXFrameworksBuildPhase;
			buildActionMask = 2147483647;
			files = (
			);
			runOnlyForDeploymentPostprocessing = 0;
		};
/* End PBXFrameworksBuildPhase section */

/* Begin PBXGroup section */
		DE066B04236711090029383E = {
			isa = PBXGroup;
			children = (
				DE066B0F236711090029383E /* MediaStyleInfiniteTabScroll */,
				DE066B262367110C0029383E /* MediaStyleInfiniteTabScrollTests */,
				DE066B312367110C0029383E /* MediaStyleInfiniteTabScrollUITests */,
				DE066B0E236711090029383E /* Products */,
			);
			sourceTree = "<group>";
		};
		DE066B0E236711090029383E /* Products */ = {
			isa = PBXGroup;
			children = (
				DE066B0D236711090029383E /* MediaStyleInfiniteTabScroll.app */,
				DE066B232367110C0029383E /* MediaStyleInfiniteTabScrollTests.xctest */,
				DE066B2E2367110C0029383E /* MediaStyleInfiniteTabScrollUITests.xctest */,
			);
			name = Products;
			sourceTree = "<group>";
		};
		DE066B0F236711090029383E /* MediaStyleInfiniteTabScroll */ = {
			isa = PBXGroup;
			children = (
				DE066B1E2367110C0029383E /* Info.plist */,
				DE066B10236711090029383E /* AppDelegate.swift */,
				DE066B12236711090029383E /* SceneDelegate.swift */,
				DE066B192367110C0029383E /* Assets.xcassets */,
				DE066BBC2367161C0029383E /* Entity */,
				DE066BB9236714E00029383E /* Enum */,
				DE066BB8236714D40029383E /* Extension */,
				DE066BC0236716530029383E /* Model */,
				DE066BBA2367160C0029383E /* Modules */,
				DE066BBB236716150029383E /* Presenter */,
				DE066BBD2367162E0029383E /* Storyboard */,
				DE066BBE236716350029383E /* View */,
				DE066BBF236716440029383E /* ViewController */,
			);
			path = MediaStyleInfiniteTabScroll;
			sourceTree = "<group>";
		};
		DE066B262367110C0029383E /* MediaStyleInfiniteTabScrollTests */ = {
			isa = PBXGroup;
			children = (
				DE066B272367110C0029383E /* MediaStyleInfiniteTabScrollTests.swift */,
				DE066B292367110C0029383E /* Info.plist */,
			);
			path = MediaStyleInfiniteTabScrollTests;
			sourceTree = "<group>";
		};
		DE066B312367110C0029383E /* MediaStyleInfiniteTabScrollUITests */ = {
			isa = PBXGroup;
			children = (
				DE066B322367110C0029383E /* MediaStyleInfiniteTabScrollUITests.swift */,
				DE066B342367110C0029383E /* Info.plist */,
			);
			path = MediaStyleInfiniteTabScrollUITests;
			sourceTree = "<group>";
		};
		DE066BB8236714D40029383E /* Extension */ = {
			isa = PBXGroup;
			children = (
				DE066BC32367183E0029383E /* NSObjectProtocolExtension.swift */,
				DE066BC5236718740029383E /* UICollectionViewExtension.swift */,
				DE066BC7236718AD0029383E /* UIColorExtension.swift */,
				DE066BC9236719420029383E /* UIViewControllerExtension.swift */,
				DED6F1DE238D708300A0168E /* UITableViewExtension.swift */,
			);
			path = Extension;
			sourceTree = "<group>";
		};
		DE066BB9236714E00029383E /* Enum */ = {
			isa = PBXGroup;
			children = (
			);
			path = Enum;
			sourceTree = "<group>";
		};
		DE066BBA2367160C0029383E /* Modules */ = {
			isa = PBXGroup;
			children = (
				DE96B8F223BA8ED6009BA0AF /* UILabelDecorator.swift */,
			);
			path = Modules;
			sourceTree = "<group>";
		};
		DE066BBB236716150029383E /* Presenter */ = {
			isa = PBXGroup;
			children = (
			);
			path = Presenter;
			sourceTree = "<group>";
		};
		DE066BBC2367161C0029383E /* Entity */ = {
			isa = PBXGroup;
			children = (
				DE96B8E523BA0194009BA0AF /* ArticleEntity.swift */,
				DE96B8F023BA84D1009BA0AF /* ArticleCommentEntity.swift */,
				DE96B8E723BA01A3009BA0AF /* ArticleInformationEntity.swift */,
			);
			path = Entity;
			sourceTree = "<group>";
		};
		DE066BBD2367162E0029383E /* Storyboard */ = {
			isa = PBXGroup;
			children = (
				DE066BD1236727B30029383E /* Detail.storyboard */,
				DE066B1B2367110C0029383E /* LaunchScreen.storyboard */,
				DE066BD623673AA10029383E /* List.storyboard */,
				DE066B16236711090029383E /* Main.storyboard */,
				DE8DBDF8238A1AEF00E09AD7 /* SemiModal.storyboard */,
			);
			path = Storyboard;
			sourceTree = "<group>";
		};
		DE066BBE236716350029383E /* View */ = {
			isa = PBXGroup;
			children = (
				DE066BC1236716840029383E /* CustomViewBase.swift */,
				DEAEB7852381F78C007924B2 /* DetailHeaderView.swift */,
				DE8DBDF1238902D200E09AD7 /* DetailCommentTableViewCell */,
				DE8DBDEC2389028C00E09AD7 /* DetailInformationTableViewCell */,
				DE86A93F23882E0B00086622 /* DetailSwitchButtonsView */,
				DE248990236A4C060081751C /* ListCollectionViewCell */,
				DE96B8EB23BA60A2009BA0AF /* SemiModalContentsView */,
				DE96B8DC23B90473009BA0AF /* SemiModalTransition */,
			);
			path = View;
			sourceTree = "<group>";
		};
		DE066BBF236716440029383E /* ViewController */ = {
			isa = PBXGroup;
			children = (
				DE8DBDF7238A1AC600E09AD7 /* SemiModal */,
				DE066BD023671C940029383E /* Detail */,
				DE066BDD23673B6C0029383E /* List */,
				DE066BCB23671C700029383E /* Main */,
			);
			path = ViewController;
			sourceTree = "<group>";
		};
		DE066BC0236716530029383E /* Model */ = {
			isa = PBXGroup;
			children = (
				DE96B8E923BA46A3009BA0AF /* ArticleModel.swift */,
				DE96B8EC23BA60D9009BA0AF /* ArticleDetailModel.swift */,
			);
			path = Model;
			sourceTree = "<group>";
		};
		DE066BCB23671C700029383E /* Main */ = {
			isa = PBXGroup;
			children = (
				DE066B14236711090029383E /* MainViewController.swift */,
				DEA5B34F238B98930047F2DF /* MainScrollTitleViewController.swift */,
			);
			path = Main;
			sourceTree = "<group>";
		};
		DE066BD023671C940029383E /* Detail */ = {
			isa = PBXGroup;
			children = (
				DE066BCE23671C910029383E /* DetailViewController.swift */,
			);
			path = Detail;
			sourceTree = "<group>";
		};
		DE066BDD23673B6C0029383E /* List */ = {
			isa = PBXGroup;
			children = (
				DE066BDB23673B110029383E /* ListViewController.swift */,
			);
			path = List;
			sourceTree = "<group>";
		};
		DE248990236A4C060081751C /* ListCollectionViewCell */ = {
			isa = PBXGroup;
			children = (
				DE248991236A4C890081751C /* ListCollectionViewCell.swift */,
				DE248992236A4C890081751C /* ListCollectionViewCell.xib */,
			);
			path = ListCollectionViewCell;
			sourceTree = "<group>";
		};
		DE86A93F23882E0B00086622 /* DetailSwitchButtonsView */ = {
			isa = PBXGroup;
			children = (
				DE86A94223882E6300086622 /* DetailSwitchButtonsView.swift */,
				DE86A94023882E5600086622 /* DetailSwitchButtonsView.xib */,
			);
			path = DetailSwitchButtonsView;
			sourceTree = "<group>";
		};
		DE8DBDEC2389028C00E09AD7 /* DetailInformationTableViewCell */ = {
			isa = PBXGroup;
			children = (
				DE8DBDED238902C600E09AD7 /* DetailInformationTableViewCell.swift */,
				DE8DBDEE238902C600E09AD7 /* DetailInformationTableViewCell.xib */,
			);
			path = DetailInformationTableViewCell;
			sourceTree = "<group>";
		};
		DE8DBDF1238902D200E09AD7 /* DetailCommentTableViewCell */ = {
			isa = PBXGroup;
			children = (
				DE8DBDF2238902F900E09AD7 /* DetailCommentTableViewCell.swift */,
				DE8DBDF3238902F900E09AD7 /* DetailCommentTableViewCell.xib */,
			);
			path = DetailCommentTableViewCell;
			sourceTree = "<group>";
		};
		DE8DBDF7238A1AC600E09AD7 /* SemiModal */ = {
			isa = PBXGroup;
			children = (
				DE8DBDFB238A1EE500E09AD7 /* SemiModalViewController.swift */,
			);
			path = SemiModal;
			sourceTree = "<group>";
		};
		DE96B8DC23B90473009BA0AF /* SemiModalTransition */ = {
			isa = PBXGroup;
			children = (
				DE96B8E323B938B4009BA0AF /* SemiModalDismissAnimator.swift */,
				DE96B8E123B92438009BA0AF /* SemiModalPresentationController.swift */,
				DE96B8DD23B923EA009BA0AF /* SemiModalTransitionable.swift */,
				DE96B8DF23B923FF009BA0AF /* SemiModalTransitioningInteractor.swift */,
			);
			path = SemiModalTransition;
			sourceTree = "<group>";
		};
		DE96B8EB23BA60A2009BA0AF /* SemiModalContentsView */ = {
			isa = PBXGroup;
			children = (
			);
			path = SemiModalContentsView;
			sourceTree = "<group>";
		};
/* End PBXGroup section */

/* Begin PBXNativeTarget section */
		DE066B0C236711090029383E /* MediaStyleInfiniteTabScroll */ = {
			isa = PBXNativeTarget;
			buildConfigurationList = DE066B372367110C0029383E /* Build configuration list for PBXNativeTarget "MediaStyleInfiniteTabScroll" */;
			buildPhases = (
				DE066B09236711090029383E /* Sources */,
				DE066B0A236711090029383E /* Frameworks */,
				DE066B0B236711090029383E /* Resources */,
			);
			buildRules = (
			);
			dependencies = (
			);
			name = MediaStyleInfiniteTabScroll;
			productName = MediaStyleInfiniteTabScroll;
			productReference = DE066B0D236711090029383E /* MediaStyleInfiniteTabScroll.app */;
			productType = "com.apple.product-type.application";
		};
		DE066B222367110C0029383E /* MediaStyleInfiniteTabScrollTests */ = {
			isa = PBXNativeTarget;
			buildConfigurationList = DE066B3A2367110C0029383E /* Build configuration list for PBXNativeTarget "MediaStyleInfiniteTabScrollTests" */;
			buildPhases = (
				DE066B1F2367110C0029383E /* Sources */,
				DE066B202367110C0029383E /* Frameworks */,
				DE066B212367110C0029383E /* Resources */,
			);
			buildRules = (
			);
			dependencies = (
				DE066B252367110C0029383E /* PBXTargetDependency */,
			);
			name = MediaStyleInfiniteTabScrollTests;
			productName = MediaStyleInfiniteTabScrollTests;
			productReference = DE066B232367110C0029383E /* MediaStyleInfiniteTabScrollTests.xctest */;
			productType = "com.apple.product-type.bundle.unit-test";
		};
		DE066B2D2367110C0029383E /* MediaStyleInfiniteTabScrollUITests */ = {
			isa = PBXNativeTarget;
			buildConfigurationList = DE066B3D2367110C0029383E /* Build configuration list for PBXNativeTarget "MediaStyleInfiniteTabScrollUITests" */;
			buildPhases = (
				DE066B2A2367110C0029383E /* Sources */,
				DE066B2B2367110C0029383E /* Frameworks */,
				DE066B2C2367110C0029383E /* Resources */,
			);
			buildRules = (
			);
			dependencies = (
				DE066B302367110C0029383E /* PBXTargetDependency */,
			);
			name = MediaStyleInfiniteTabScrollUITests;
			productName = MediaStyleInfiniteTabScrollUITests;
			productReference = DE066B2E2367110C0029383E /* MediaStyleInfiniteTabScrollUITests.xctest */;
			productType = "com.apple.product-type.bundle.ui-testing";
		};
/* End PBXNativeTarget section */

/* Begin PBXProject section */
		DE066B05236711090029383E /* Project object */ = {
			isa = PBXProject;
			attributes = {
				LastSwiftUpdateCheck = 1110;
				LastUpgradeCheck = 1110;
				ORGANIZATIONNAME = "酒井文也";
				TargetAttributes = {
					DE066B0C236711090029383E = {
						CreatedOnToolsVersion = 11.1;
					};
					DE066B222367110C0029383E = {
						CreatedOnToolsVersion = 11.1;
						TestTargetID = DE066B0C236711090029383E;
					};
					DE066B2D2367110C0029383E = {
						CreatedOnToolsVersion = 11.1;
						TestTargetID = DE066B0C236711090029383E;
					};
				};
			};
			buildConfigurationList = DE066B08236711090029383E /* Build configuration list for PBXProject "MediaStyleInfiniteTabScroll" */;
			compatibilityVersion = "Xcode 9.3";
			developmentRegion = en;
			hasScannedForEncodings = 0;
			knownRegions = (
				en,
				Base,
			);
			mainGroup = DE066B04236711090029383E;
			productRefGroup = DE066B0E236711090029383E /* Products */;
			projectDirPath = "";
			projectRoot = "";
			targets = (
				DE066B0C236711090029383E /* MediaStyleInfiniteTabScroll */,
				DE066B222367110C0029383E /* MediaStyleInfiniteTabScrollTests */,
				DE066B2D2367110C0029383E /* MediaStyleInfiniteTabScrollUITests */,
			);
		};
/* End PBXProject section */

/* Begin PBXResourcesBuildPhase section */
		DE066B0B236711090029383E /* Resources */ = {
			isa = PBXResourcesBuildPhase;
			buildActionMask = 2147483647;
			files = (
				DE066B1D2367110C0029383E /* LaunchScreen.storyboard in Resources */,
				DE8DBDF0238902C600E09AD7 /* DetailInformationTableViewCell.xib in Resources */,
				DE248994236A4C890081751C /* ListCollectionViewCell.xib in Resources */,
				DE86A94123882E5600086622 /* DetailSwitchButtonsView.xib in Resources */,
				DE8DBDF5238902F900E09AD7 /* DetailCommentTableViewCell.xib in Resources */,
				DE066B1A2367110C0029383E /* Assets.xcassets in Resources */,
				DE066B18236711090029383E /* Main.storyboard in Resources */,
				DE066BD3236727B30029383E /* Detail.storyboard in Resources */,
				DE066BD823673AA10029383E /* List.storyboard in Resources */,
				DE8DBDFA238A1AEF00E09AD7 /* SemiModal.storyboard in Resources */,
			);
			runOnlyForDeploymentPostprocessing = 0;
		};
		DE066B212367110C0029383E /* Resources */ = {
			isa = PBXResourcesBuildPhase;
			buildActionMask = 2147483647;
			files = (
			);
			runOnlyForDeploymentPostprocessing = 0;
		};
		DE066B2C2367110C0029383E /* Resources */ = {
			isa = PBXResourcesBuildPhase;
			buildActionMask = 2147483647;
			files = (
			);
			runOnlyForDeploymentPostprocessing = 0;
		};
/* End PBXResourcesBuildPhase section */

/* Begin PBXSourcesBuildPhase section */
		DE066B09236711090029383E /* Sources */ = {
			isa = PBXSourcesBuildPhase;
			buildActionMask = 2147483647;
			files = (
				DE066BCF23671C910029383E /* DetailViewController.swift in Sources */,
				DE96B8E423B938B4009BA0AF /* SemiModalDismissAnimator.swift in Sources */,
				DE066BDC23673B110029383E /* ListViewController.swift in Sources */,
				DE066BC2236716840029383E /* CustomViewBase.swift in Sources */,
				DE8DBDF4238902F900E09AD7 /* DetailCommentTableViewCell.swift in Sources */,
				DE066BC8236718AD0029383E /* UIColorExtension.swift in Sources */,
				DE96B8EA23BA46A3009BA0AF /* ArticleModel.swift in Sources */,
				DE066B15236711090029383E /* MainViewController.swift in Sources */,
				DE066B11236711090029383E /* AppDelegate.swift in Sources */,
				DE96B8E823BA01A3009BA0AF /* ArticleInformationEntity.swift in Sources */,
				DE066BCA236719420029383E /* UIViewControllerExtension.swift in Sources */,
				DE96B8DE23B923EA009BA0AF /* SemiModalTransitionable.swift in Sources */,
				DE248993236A4C890081751C /* ListCollectionViewCell.swift in Sources */,
				DE96B8ED23BA60D9009BA0AF /* ArticleDetailModel.swift in Sources */,
				DE96B8F323BA8ED6009BA0AF /* UILabelDecorator.swift in Sources */,
				DE8DBDEF238902C600E09AD7 /* DetailInformationTableViewCell.swift in Sources */,
				DEA5B350238B98930047F2DF /* MainScrollTitleViewController.swift in Sources */,
				DE96B8E023B923FF009BA0AF /* SemiModalTransitioningInteractor.swift in Sources */,
				DE066B13236711090029383E /* SceneDelegate.swift in Sources */,
				DE066BC6236718740029383E /* UICollectionViewExtension.swift in Sources */,
				DE066BC42367183E0029383E /* NSObjectProtocolExtension.swift in Sources */,
				DE96B8E623BA0194009BA0AF /* ArticleEntity.swift in Sources */,
				DE86A94323882E6300086622 /* DetailSwitchButtonsView.swift in Sources */,
				DED6F1DF238D708300A0168E /* UITableViewExtension.swift in Sources */,
				DE8DBDFC238A1EE500E09AD7 /* SemiModalViewController.swift in Sources */,
				DE96B8F123BA84D1009BA0AF /* ArticleCommentEntity.swift in Sources */,
				DEAEB7862381F78C007924B2 /* DetailHeaderView.swift in Sources */,
				DE96B8E223B92438009BA0AF /* SemiModalPresentationController.swift in Sources */,
			);
			runOnlyForDeploymentPostprocessing = 0;
		};
		DE066B1F2367110C0029383E /* Sources */ = {
			isa = PBXSourcesBuildPhase;
			buildActionMask = 2147483647;
			files = (
				DE066B282367110C0029383E /* MediaStyleInfiniteTabScrollTests.swift in Sources */,
			);
			runOnlyForDeploymentPostprocessing = 0;
		};
		DE066B2A2367110C0029383E /* Sources */ = {
			isa = PBXSourcesBuildPhase;
			buildActionMask = 2147483647;
			files = (
				DE066B332367110C0029383E /* MediaStyleInfiniteTabScrollUITests.swift in Sources */,
			);
			runOnlyForDeploymentPostprocessing = 0;
		};
/* End PBXSourcesBuildPhase section */

/* Begin PBXTargetDependency section */
		DE066B252367110C0029383E /* PBXTargetDependency */ = {
			isa = PBXTargetDependency;
			target = DE066B0C236711090029383E /* MediaStyleInfiniteTabScroll */;
			targetProxy = DE066B242367110C0029383E /* PBXContainerItemProxy */;
		};
		DE066B302367110C0029383E /* PBXTargetDependency */ = {
			isa = PBXTargetDependency;
			target = DE066B0C236711090029383E /* MediaStyleInfiniteTabScroll */;
			targetProxy = DE066B2F2367110C0029383E /* PBXContainerItemProxy */;
		};
/* End PBXTargetDependency section */

/* Begin PBXVariantGroup section */
		DE066B16236711090029383E /* Main.storyboard */ = {
			isa = PBXVariantGroup;
			children = (
				DE066B17236711090029383E /* Base */,
			);
			name = Main.storyboard;
			sourceTree = "<group>";
		};
		DE066B1B2367110C0029383E /* LaunchScreen.storyboard */ = {
			isa = PBXVariantGroup;
			children = (
				DE066B1C2367110C0029383E /* Base */,
			);
			name = LaunchScreen.storyboard;
			sourceTree = "<group>";
		};
		DE066BD1236727B30029383E /* Detail.storyboard */ = {
			isa = PBXVariantGroup;
			children = (
				DE066BD2236727B30029383E /* Base */,
			);
			name = Detail.storyboard;
			sourceTree = "<group>";
		};
		DE066BD623673AA10029383E /* List.storyboard */ = {
			isa = PBXVariantGroup;
			children = (
				DE066BD723673AA10029383E /* Base */,
			);
			name = List.storyboard;
			sourceTree = "<group>";
		};
		DE8DBDF8238A1AEF00E09AD7 /* SemiModal.storyboard */ = {
			isa = PBXVariantGroup;
			children = (
				DE8DBDF9238A1AEF00E09AD7 /* Base */,
			);
			name = SemiModal.storyboard;
			sourceTree = "<group>";
		};
/* End PBXVariantGroup section */

/* Begin XCBuildConfiguration section */
		DE066B352367110C0029383E /* Debug */ = {
			isa = XCBuildConfiguration;
			buildSettings = {
				ALWAYS_SEARCH_USER_PATHS = NO;
				CLANG_ANALYZER_NONNULL = YES;
				CLANG_ANALYZER_NUMBER_OBJECT_CONVERSION = YES_AGGRESSIVE;
				CLANG_CXX_LANGUAGE_STANDARD = "gnu++14";
				CLANG_CXX_LIBRARY = "libc++";
				CLANG_ENABLE_MODULES = YES;
				CLANG_ENABLE_OBJC_ARC = YES;
				CLANG_ENABLE_OBJC_WEAK = YES;
				CLANG_WARN_BLOCK_CAPTURE_AUTORELEASING = YES;
				CLANG_WARN_BOOL_CONVERSION = YES;
				CLANG_WARN_COMMA = YES;
				CLANG_WARN_CONSTANT_CONVERSION = YES;
				CLANG_WARN_DEPRECATED_OBJC_IMPLEMENTATIONS = YES;
				CLANG_WARN_DIRECT_OBJC_ISA_USAGE = YES_ERROR;
				CLANG_WARN_DOCUMENTATION_COMMENTS = YES;
				CLANG_WARN_EMPTY_BODY = YES;
				CLANG_WARN_ENUM_CONVERSION = YES;
				CLANG_WARN_INFINITE_RECURSION = YES;
				CLANG_WARN_INT_CONVERSION = YES;
				CLANG_WARN_NON_LITERAL_NULL_CONVERSION = YES;
				CLANG_WARN_OBJC_IMPLICIT_RETAIN_SELF = YES;
				CLANG_WARN_OBJC_LITERAL_CONVERSION = YES;
				CLANG_WARN_OBJC_ROOT_CLASS = YES_ERROR;
				CLANG_WARN_RANGE_LOOP_ANALYSIS = YES;
				CLANG_WARN_STRICT_PROTOTYPES = YES;
				CLANG_WARN_SUSPICIOUS_MOVE = YES;
				CLANG_WARN_UNGUARDED_AVAILABILITY = YES_AGGRESSIVE;
				CLANG_WARN_UNREACHABLE_CODE = YES;
				CLANG_WARN__DUPLICATE_METHOD_MATCH = YES;
				COPY_PHASE_STRIP = NO;
				DEBUG_INFORMATION_FORMAT = dwarf;
				ENABLE_STRICT_OBJC_MSGSEND = YES;
				ENABLE_TESTABILITY = YES;
				GCC_C_LANGUAGE_STANDARD = gnu11;
				GCC_DYNAMIC_NO_PIC = NO;
				GCC_NO_COMMON_BLOCKS = YES;
				GCC_OPTIMIZATION_LEVEL = 0;
				GCC_PREPROCESSOR_DEFINITIONS = (
					"DEBUG=1",
					"$(inherited)",
				);
				GCC_WARN_64_TO_32_BIT_CONVERSION = YES;
				GCC_WARN_ABOUT_RETURN_TYPE = YES_ERROR;
				GCC_WARN_UNDECLARED_SELECTOR = YES;
				GCC_WARN_UNINITIALIZED_AUTOS = YES_AGGRESSIVE;
				GCC_WARN_UNUSED_FUNCTION = YES;
				GCC_WARN_UNUSED_VARIABLE = YES;
				IPHONEOS_DEPLOYMENT_TARGET = 13.1;
				MTL_ENABLE_DEBUG_INFO = INCLUDE_SOURCE;
				MTL_FAST_MATH = YES;
				ONLY_ACTIVE_ARCH = YES;
				SDKROOT = iphoneos;
				SWIFT_ACTIVE_COMPILATION_CONDITIONS = DEBUG;
				SWIFT_OPTIMIZATION_LEVEL = "-Onone";
			};
			name = Debug;
		};
		DE066B362367110C0029383E /* Release */ = {
			isa = XCBuildConfiguration;
			buildSettings = {
				ALWAYS_SEARCH_USER_PATHS = NO;
				CLANG_ANALYZER_NONNULL = YES;
				CLANG_ANALYZER_NUMBER_OBJECT_CONVERSION = YES_AGGRESSIVE;
				CLANG_CXX_LANGUAGE_STANDARD = "gnu++14";
				CLANG_CXX_LIBRARY = "libc++";
				CLANG_ENABLE_MODULES = YES;
				CLANG_ENABLE_OBJC_ARC = YES;
				CLANG_ENABLE_OBJC_WEAK = YES;
				CLANG_WARN_BLOCK_CAPTURE_AUTORELEASING = YES;
				CLANG_WARN_BOOL_CONVERSION = YES;
				CLANG_WARN_COMMA = YES;
				CLANG_WARN_CONSTANT_CONVERSION = YES;
				CLANG_WARN_DEPRECATED_OBJC_IMPLEMENTATIONS = YES;
				CLANG_WARN_DIRECT_OBJC_ISA_USAGE = YES_ERROR;
				CLANG_WARN_DOCUMENTATION_COMMENTS = YES;
				CLANG_WARN_EMPTY_BODY = YES;
				CLANG_WARN_ENUM_CONVERSION = YES;
				CLANG_WARN_INFINITE_RECURSION = YES;
				CLANG_WARN_INT_CONVERSION = YES;
				CLANG_WARN_NON_LITERAL_NULL_CONVERSION = YES;
				CLANG_WARN_OBJC_IMPLICIT_RETAIN_SELF = YES;
				CLANG_WARN_OBJC_LITERAL_CONVERSION = YES;
				CLANG_WARN_OBJC_ROOT_CLASS = YES_ERROR;
				CLANG_WARN_RANGE_LOOP_ANALYSIS = YES;
				CLANG_WARN_STRICT_PROTOTYPES = YES;
				CLANG_WARN_SUSPICIOUS_MOVE = YES;
				CLANG_WARN_UNGUARDED_AVAILABILITY = YES_AGGRESSIVE;
				CLANG_WARN_UNREACHABLE_CODE = YES;
				CLANG_WARN__DUPLICATE_METHOD_MATCH = YES;
				COPY_PHASE_STRIP = NO;
				DEBUG_INFORMATION_FORMAT = "dwarf-with-dsym";
				ENABLE_NS_ASSERTIONS = NO;
				ENABLE_STRICT_OBJC_MSGSEND = YES;
				GCC_C_LANGUAGE_STANDARD = gnu11;
				GCC_NO_COMMON_BLOCKS = YES;
				GCC_WARN_64_TO_32_BIT_CONVERSION = YES;
				GCC_WARN_ABOUT_RETURN_TYPE = YES_ERROR;
				GCC_WARN_UNDECLARED_SELECTOR = YES;
				GCC_WARN_UNINITIALIZED_AUTOS = YES_AGGRESSIVE;
				GCC_WARN_UNUSED_FUNCTION = YES;
				GCC_WARN_UNUSED_VARIABLE = YES;
				IPHONEOS_DEPLOYMENT_TARGET = 13.1;
				MTL_ENABLE_DEBUG_INFO = NO;
				MTL_FAST_MATH = YES;
				SDKROOT = iphoneos;
				SWIFT_COMPILATION_MODE = wholemodule;
				SWIFT_OPTIMIZATION_LEVEL = "-O";
				VALIDATE_PRODUCT = YES;
			};
			name = Release;
		};
		DE066B382367110C0029383E /* Debug */ = {
			isa = XCBuildConfiguration;
			buildSettings = {
				ASSETCATALOG_COMPILER_APPICON_NAME = AppIcon;
				CODE_SIGN_STYLE = Automatic;
				DEVELOPMENT_TEAM = S5BF5553KY;
				INFOPLIST_FILE = MediaStyleInfiniteTabScroll/Info.plist;
				LD_RUNPATH_SEARCH_PATHS = (
					"$(inherited)",
					"@executable_path/Frameworks",
				);
				PRODUCT_BUNDLE_IDENTIFIER = com.just1factory.MediaStyleInfiniteTabScroll;
				PRODUCT_NAME = "$(TARGET_NAME)";
				SWIFT_VERSION = 5.0;
				TARGETED_DEVICE_FAMILY = "1,2";
			};
			name = Debug;
		};
		DE066B392367110C0029383E /* Release */ = {
			isa = XCBuildConfiguration;
			buildSettings = {
				ASSETCATALOG_COMPILER_APPICON_NAME = AppIcon;
				CODE_SIGN_STYLE = Automatic;
				DEVELOPMENT_TEAM = S5BF5553KY;
				INFOPLIST_FILE = MediaStyleInfiniteTabScroll/Info.plist;
				LD_RUNPATH_SEARCH_PATHS = (
					"$(inherited)",
					"@executable_path/Frameworks",
				);
				PRODUCT_BUNDLE_IDENTIFIER = com.just1factory.MediaStyleInfiniteTabScroll;
				PRODUCT_NAME = "$(TARGET_NAME)";
				SWIFT_VERSION = 5.0;
				TARGETED_DEVICE_FAMILY = "1,2";
			};
			name = Release;
		};
		DE066B3B2367110C0029383E /* Debug */ = {
			isa = XCBuildConfiguration;
			buildSettings = {
				ALWAYS_EMBED_SWIFT_STANDARD_LIBRARIES = YES;
				BUNDLE_LOADER = "$(TEST_HOST)";
				CODE_SIGN_STYLE = Automatic;
				DEVELOPMENT_TEAM = S5BF5553KY;
				INFOPLIST_FILE = MediaStyleInfiniteTabScrollTests/Info.plist;
				IPHONEOS_DEPLOYMENT_TARGET = 13.1;
				LD_RUNPATH_SEARCH_PATHS = (
					"$(inherited)",
					"@executable_path/Frameworks",
					"@loader_path/Frameworks",
				);
				PRODUCT_BUNDLE_IDENTIFIER = com.just1factory.MediaStyleInfiniteTabScrollTests;
				PRODUCT_NAME = "$(TARGET_NAME)";
				SWIFT_VERSION = 5.0;
				TARGETED_DEVICE_FAMILY = "1,2";
				TEST_HOST = "$(BUILT_PRODUCTS_DIR)/MediaStyleInfiniteTabScroll.app/MediaStyleInfiniteTabScroll";
			};
			name = Debug;
		};
		DE066B3C2367110C0029383E /* Release */ = {
			isa = XCBuildConfiguration;
			buildSettings = {
				ALWAYS_EMBED_SWIFT_STANDARD_LIBRARIES = YES;
				BUNDLE_LOADER = "$(TEST_HOST)";
				CODE_SIGN_STYLE = Automatic;
				DEVELOPMENT_TEAM = S5BF5553KY;
				INFOPLIST_FILE = MediaStyleInfiniteTabScrollTests/Info.plist;
				IPHONEOS_DEPLOYMENT_TARGET = 13.1;
				LD_RUNPATH_SEARCH_PATHS = (
					"$(inherited)",
					"@executable_path/Frameworks",
					"@loader_path/Frameworks",
				);
				PRODUCT_BUNDLE_IDENTIFIER = com.just1factory.MediaStyleInfiniteTabScrollTests;
				PRODUCT_NAME = "$(TARGET_NAME)";
				SWIFT_VERSION = 5.0;
				TARGETED_DEVICE_FAMILY = "1,2";
				TEST_HOST = "$(BUILT_PRODUCTS_DIR)/MediaStyleInfiniteTabScroll.app/MediaStyleInfiniteTabScroll";
			};
			name = Release;
		};
		DE066B3E2367110C0029383E /* Debug */ = {
			isa = XCBuildConfiguration;
			buildSettings = {
				ALWAYS_EMBED_SWIFT_STANDARD_LIBRARIES = YES;
				CODE_SIGN_STYLE = Automatic;
				DEVELOPMENT_TEAM = S5BF5553KY;
				INFOPLIST_FILE = MediaStyleInfiniteTabScrollUITests/Info.plist;
				LD_RUNPATH_SEARCH_PATHS = (
					"$(inherited)",
					"@executable_path/Frameworks",
					"@loader_path/Frameworks",
				);
				PRODUCT_BUNDLE_IDENTIFIER = com.just1factory.MediaStyleInfiniteTabScrollUITests;
				PRODUCT_NAME = "$(TARGET_NAME)";
				SWIFT_VERSION = 5.0;
				TARGETED_DEVICE_FAMILY = "1,2";
				TEST_TARGET_NAME = MediaStyleInfiniteTabScroll;
			};
			name = Debug;
		};
		DE066B3F2367110C0029383E /* Release */ = {
			isa = XCBuildConfiguration;
			buildSettings = {
				ALWAYS_EMBED_SWIFT_STANDARD_LIBRARIES = YES;
				CODE_SIGN_STYLE = Automatic;
				DEVELOPMENT_TEAM = S5BF5553KY;
				INFOPLIST_FILE = MediaStyleInfiniteTabScrollUITests/Info.plist;
				LD_RUNPATH_SEARCH_PATHS = (
					"$(inherited)",
					"@executable_path/Frameworks",
					"@loader_path/Frameworks",
				);
				PRODUCT_BUNDLE_IDENTIFIER = com.just1factory.MediaStyleInfiniteTabScrollUITests;
				PRODUCT_NAME = "$(TARGET_NAME)";
				SWIFT_VERSION = 5.0;
				TARGETED_DEVICE_FAMILY = "1,2";
				TEST_TARGET_NAME = MediaStyleInfiniteTabScroll;
			};
			name = Release;
		};
/* End XCBuildConfiguration section */

/* Begin XCConfigurationList section */
		DE066B08236711090029383E /* Build configuration list for PBXProject "MediaStyleInfiniteTabScroll" */ = {
			isa = XCConfigurationList;
			buildConfigurations = (
				DE066B352367110C0029383E /* Debug */,
				DE066B362367110C0029383E /* Release */,
			);
			defaultConfigurationIsVisible = 0;
			defaultConfigurationName = Release;
		};
		DE066B372367110C0029383E /* Build configuration list for PBXNativeTarget "MediaStyleInfiniteTabScroll" */ = {
			isa = XCConfigurationList;
			buildConfigurations = (
				DE066B382367110C0029383E /* Debug */,
				DE066B392367110C0029383E /* Release */,
			);
			defaultConfigurationIsVisible = 0;
			defaultConfigurationName = Release;
		};
		DE066B3A2367110C0029383E /* Build configuration list for PBXNativeTarget "MediaStyleInfiniteTabScrollTests" */ = {
			isa = XCConfigurationList;
			buildConfigurations = (
				DE066B3B2367110C0029383E /* Debug */,
				DE066B3C2367110C0029383E /* Release */,
			);
			defaultConfigurationIsVisible = 0;
			defaultConfigurationName = Release;
		};
		DE066B3D2367110C0029383E /* Build configuration list for PBXNativeTarget "MediaStyleInfiniteTabScrollUITests" */ = {
			isa = XCConfigurationList;
			buildConfigurations = (
				DE066B3E2367110C0029383E /* Debug */,
				DE066B3F2367110C0029383E /* Release */,
			);
			defaultConfigurationIsVisible = 0;
			defaultConfigurationName = Release;
		};
/* End XCConfigurationList section */
	};
	rootObject = DE066B05236711090029383E /* Project object */;
}
