PODS:
  - BetterSegmentedControl (2.0.1)
  - Nuke (9.2.0)

DEPENDENCIES:
  - BetterSegmentedControl
  - Nuke

SPEC REPOS:
  trunk:
    - BetterSegmentedControl
    - Nuke

SPEC CHECKSUMS:
  BetterSegmentedControl: 09607b27861d49cbce48b7673b74f9150a3d371a
  Nuke: 1394e48b0940e01dd20f52ac56b121ab154e370d

PODFILE CHECKSUM: e8f8e061ec51eaa1775798226254ce4d1d87cd70

COCOAPODS: 1.10.0
