// !$*UTF8*$!
{
	archiveVersion = 1;
	classes = {
	};
	objectVersion = 51;
	objects = {

/* Begin PBXBuildFile section */
		1E07ACA504223B1D00AAD6AE /* Pods_MosaicPhotoGalleryLayouts.framework in Frameworks */ = {isa = PBXBuildFile; fileRef = 5547CFD3DFF0FB71E5F62706 /* Pods_MosaicPhotoGalleryLayouts.framework */; };
		DE066B89236712110029383E /* AppDelegate.swift in Sources */ = {isa = PBXBuildFile; fileRef = DE066B88236712110029383E /* AppDelegate.swift */; };
		DE066B8B236712110029383E /* SceneDelegate.swift in Sources */ = {isa = PBXBuildFile; fileRef = DE066B8A236712110029383E /* SceneDelegate.swift */; };
		DE066B8D236712110029383E /* MainViewController.swift in Sources */ = {isa = PBXBuildFile; fileRef = DE066B8C236712110029383E /* MainViewController.swift */; };
		DE066B90236712110029383E /* Main.storyboard in Resources */ = {isa = PBXBuildFile; fileRef = DE066B8E236712110029383E /* Main.storyboard */; };
		DE066B92236712120029383E /* Assets.xcassets in Resources */ = {isa = PBXBuildFile; fileRef = DE066B91236712120029383E /* Assets.xcassets */; };
		DE066B95236712120029383E /* LaunchScreen.storyboard in Resources */ = {isa = PBXBuildFile; fileRef = DE066B93236712120029383E /* LaunchScreen.storyboard */; };
		DE066BA0236712120029383E /* MosaicPhotoGalleryLayoutsTests.swift in Sources */ = {isa = PBXBuildFile; fileRef = DE066B9F236712120029383E /* MosaicPhotoGalleryLayoutsTests.swift */; };
		DE066BAB236712120029383E /* MosaicPhotoGalleryLayoutsUITests.swift in Sources */ = {isa = PBXBuildFile; fileRef = DE066BAA236712120029383E /* MosaicPhotoGalleryLayoutsUITests.swift */; };
		DE3345A623BBB8230017E173 /* ArticleNavigationTitleView.xib in Resources */ = {isa = PBXBuildFile; fileRef = DE3345A523BBB8230017E173 /* ArticleNavigationTitleView.xib */; };
		DE3345A823BBB82C0017E173 /* ArticleNavigationTitleView.swift in Sources */ = {isa = PBXBuildFile; fileRef = DE3345A723BBB82C0017E173 /* ArticleNavigationTitleView.swift */; };
		DE39542023BBBB95007D4C71 /* ContainerCollectionViewCell.swift in Sources */ = {isa = PBXBuildFile; fileRef = DE39541E23BBBB95007D4C71 /* ContainerCollectionViewCell.swift */; };
		DE39542123BBBB95007D4C71 /* ContainerCollectionViewCell.xib in Resources */ = {isa = PBXBuildFile; fileRef = DE39541F23BBBB95007D4C71 /* ContainerCollectionViewCell.xib */; };
		DE39542423BBBBB2007D4C71 /* CategoryPatternCollectionViewCell.swift in Sources */ = {isa = PBXBuildFile; fileRef = DE39542223BBBBB2007D4C71 /* CategoryPatternCollectionViewCell.swift */; };
		DE39542523BBBBB2007D4C71 /* CategoryPatternCollectionViewCell.xib in Resources */ = {isa = PBXBuildFile; fileRef = DE39542323BBBBB2007D4C71 /* CategoryPatternCollectionViewCell.xib */; };
		DE39542723BBC405007D4C71 /* DetailTransition.swift in Sources */ = {isa = PBXBuildFile; fileRef = DE39542623BBC405007D4C71 /* DetailTransition.swift */; };
		DE39542923BBCF0C007D4C71 /* DetailEffectiveHeaderView.xib in Resources */ = {isa = PBXBuildFile; fileRef = DE39542823BBCF0C007D4C71 /* DetailEffectiveHeaderView.xib */; };
		DE39542B23BBCF14007D4C71 /* DetailEffectiveHeaderView.swift in Sources */ = {isa = PBXBuildFile; fileRef = DE39542A23BBCF14007D4C71 /* DetailEffectiveHeaderView.swift */; };
		DEE5E0AC23BB36ED00CA3E9B /* CustomViewBase.swift in Sources */ = {isa = PBXBuildFile; fileRef = DEE5E0AB23BB36ED00CA3E9B /* CustomViewBase.swift */; };
		DEE5E0AE23BB375800CA3E9B /* NSObjectProtocolExtension.swift in Sources */ = {isa = PBXBuildFile; fileRef = DEE5E0AD23BB375800CA3E9B /* NSObjectProtocolExtension.swift */; };
		DEE5E0B023BB37B200CA3E9B /* StoryboardInstantiatable.swift in Sources */ = {isa = PBXBuildFile; fileRef = DEE5E0AF23BB37B200CA3E9B /* StoryboardInstantiatable.swift */; };
		DEE5E0B223BB37CD00CA3E9B /* UIColorExtension.swift in Sources */ = {isa = PBXBuildFile; fileRef = DEE5E0B123BB37CD00CA3E9B /* UIColorExtension.swift */; };
		DEE5E0B423BB39E200CA3E9B /* UICollectionViewExtension.swift in Sources */ = {isa = PBXBuildFile; fileRef = DEE5E0B323BB39E200CA3E9B /* UICollectionViewExtension.swift */; };
		DEE5E0B623BB39FC00CA3E9B /* UITableViewExtension.swift in Sources */ = {isa = PBXBuildFile; fileRef = DEE5E0B523BB39FC00CA3E9B /* UITableViewExtension.swift */; };
		DEE5E0B923BB3A5100CA3E9B /* Category.storyboard in Resources */ = {isa = PBXBuildFile; fileRef = DEE5E0B723BB3A5100CA3E9B /* Category.storyboard */; };
		DEE5E0BB23BB3A9B00CA3E9B /* CategoryViewController.swift in Sources */ = {isa = PBXBuildFile; fileRef = DEE5E0BA23BB3A9B00CA3E9B /* CategoryViewController.swift */; };
		DEE5E0BE23BB3B5900CA3E9B /* Detail.storyboard in Resources */ = {isa = PBXBuildFile; fileRef = DEE5E0BC23BB3B5900CA3E9B /* Detail.storyboard */; };
		DEE5E0C023BB3BA700CA3E9B /* DetailViewController.swift in Sources */ = {isa = PBXBuildFile; fileRef = DEE5E0BF23BB3BA700CA3E9B /* DetailViewController.swift */; };
		DEE5E0C223BB3C8600CA3E9B /* MosaicCollectionViewLayoutPattern.swift in Sources */ = {isa = PBXBuildFile; fileRef = DEE5E0C123BB3C8600CA3E9B /* MosaicCollectionViewLayoutPattern.swift */; };
		DEE5E0C523BB3D7C00CA3E9B /* UILabelDecorator.swift in Sources */ = {isa = PBXBuildFile; fileRef = DEE5E0C423BB3D7C00CA3E9B /* UILabelDecorator.swift */; };
/* End PBXBuildFile section */

/* Begin PBXContainerItemProxy section */
		DE066B9C236712120029383E /* PBXContainerItemProxy */ = {
			isa = PBXContainerItemProxy;
			containerPortal = DE066B7D236712110029383E /* Project object */;
			proxyType = 1;
			remoteGlobalIDString = DE066B84236712110029383E;
			remoteInfo = MosaicPhotoGalleryLayouts;
		};
		DE066BA7236712120029383E /* PBXContainerItemProxy */ = {
			isa = PBXContainerItemProxy;
			containerPortal = DE066B7D236712110029383E /* Project object */;
			proxyType = 1;
			remoteGlobalIDString = DE066B84236712110029383E;
			remoteInfo = MosaicPhotoGalleryLayouts;
		};
/* End PBXContainerItemProxy section */

/* Begin PBXFileReference section */
		5547CFD3DFF0FB71E5F62706 /* Pods_MosaicPhotoGalleryLayouts.framework */ = {isa = PBXFileReference; explicitFileType = wrapper.framework; includeInIndex = 0; path = Pods_MosaicPhotoGalleryLayouts.framework; sourceTree = BUILT_PRODUCTS_DIR; };
		75257018F1F2DFDCF5198248 /* Pods-MosaicPhotoGalleryLayouts.release.xcconfig */ = {isa = PBXFileReference; includeInIndex = 1; lastKnownFileType = text.xcconfig; name = "Pods-MosaicPhotoGalleryLayouts.release.xcconfig"; path = "Target Support Files/Pods-MosaicPhotoGalleryLayouts/Pods-MosaicPhotoGalleryLayouts.release.xcconfig"; sourceTree = "<group>"; };
		85FFC26D1D6C6F29EF2A7047 /* Pods-MosaicPhotoGalleryLayouts.debug.xcconfig */ = {isa = PBXFileReference; includeInIndex = 1; lastKnownFileType = text.xcconfig; name = "Pods-MosaicPhotoGalleryLayouts.debug.xcconfig"; path = "Target Support Files/Pods-MosaicPhotoGalleryLayouts/Pods-MosaicPhotoGalleryLayouts.debug.xcconfig"; sourceTree = "<group>"; };
		DE066B85236712110029383E /* MosaicPhotoGalleryLayouts.app */ = {isa = PBXFileReference; explicitFileType = wrapper.application; includeInIndex = 0; path = MosaicPhotoGalleryLayouts.app; sourceTree = BUILT_PRODUCTS_DIR; };
		DE066B88236712110029383E /* AppDelegate.swift */ = {isa = PBXFileReference; lastKnownFileType = sourcecode.swift; path = AppDelegate.swift; sourceTree = "<group>"; };
		DE066B8A236712110029383E /* SceneDelegate.swift */ = {isa = PBXFileReference; lastKnownFileType = sourcecode.swift; path = SceneDelegate.swift; sourceTree = "<group>"; };
		DE066B8C236712110029383E /* MainViewController.swift */ = {isa = PBXFileReference; lastKnownFileType = sourcecode.swift; path = MainViewController.swift; sourceTree = "<group>"; };
		DE066B8F236712110029383E /* Base */ = {isa = PBXFileReference; lastKnownFileType = file.storyboard; name = Base; path = Base.lproj/Main.storyboard; sourceTree = "<group>"; };
		DE066B91236712120029383E /* Assets.xcassets */ = {isa = PBXFileReference; lastKnownFileType = folder.assetcatalog; path = Assets.xcassets; sourceTree = "<group>"; };
		DE066B94236712120029383E /* Base */ = {isa = PBXFileReference; lastKnownFileType = file.storyboard; name = Base; path = Base.lproj/LaunchScreen.storyboard; sourceTree = "<group>"; };
		DE066B96236712120029383E /* Info.plist */ = {isa = PBXFileReference; lastKnownFileType = text.plist.xml; path = Info.plist; sourceTree = "<group>"; };
		DE066B9B236712120029383E /* MosaicPhotoGalleryLayoutsTests.xctest */ = {isa = PBXFileReference; explicitFileType = wrapper.cfbundle; includeInIndex = 0; path = MosaicPhotoGalleryLayoutsTests.xctest; sourceTree = BUILT_PRODUCTS_DIR; };
		DE066B9F236712120029383E /* MosaicPhotoGalleryLayoutsTests.swift */ = {isa = PBXFileReference; lastKnownFileType = sourcecode.swift; path = MosaicPhotoGalleryLayoutsTests.swift; sourceTree = "<group>"; };
		DE066BA1236712120029383E /* Info.plist */ = {isa = PBXFileReference; lastKnownFileType = text.plist.xml; path = Info.plist; sourceTree = "<group>"; };
		DE066BA6236712120029383E /* MosaicPhotoGalleryLayoutsUITests.xctest */ = {isa = PBXFileReference; explicitFileType = wrapper.cfbundle; includeInIndex = 0; path = MosaicPhotoGalleryLayoutsUITests.xctest; sourceTree = BUILT_PRODUCTS_DIR; };
		DE066BAA236712120029383E /* MosaicPhotoGalleryLayoutsUITests.swift */ = {isa = PBXFileReference; lastKnownFileType = sourcecode.swift; path = MosaicPhotoGalleryLayoutsUITests.swift; sourceTree = "<group>"; };
		DE066BAC236712120029383E /* Info.plist */ = {isa = PBXFileReference; lastKnownFileType = text.plist.xml; path = Info.plist; sourceTree = "<group>"; };
		DE3345A523BBB8230017E173 /* ArticleNavigationTitleView.xib */ = {isa = PBXFileReference; lastKnownFileType = file.xib; path = ArticleNavigationTitleView.xib; sourceTree = "<group>"; };
		DE3345A723BBB82C0017E173 /* ArticleNavigationTitleView.swift */ = {isa = PBXFileReference; lastKnownFileType = sourcecode.swift; path = ArticleNavigationTitleView.swift; sourceTree = "<group>"; };
		DE39541E23BBBB95007D4C71 /* ContainerCollectionViewCell.swift */ = {isa = PBXFileReference; lastKnownFileType = sourcecode.swift; path = ContainerCollectionViewCell.swift; sourceTree = "<group>"; };
		DE39541F23BBBB95007D4C71 /* ContainerCollectionViewCell.xib */ = {isa = PBXFileReference; lastKnownFileType = file.xib; path = ContainerCollectionViewCell.xib; sourceTree = "<group>"; };
		DE39542223BBBBB2007D4C71 /* CategoryPatternCollectionViewCell.swift */ = {isa = PBXFileReference; lastKnownFileType = sourcecode.swift; path = CategoryPatternCollectionViewCell.swift; sourceTree = "<group>"; };
		DE39542323BBBBB2007D4C71 /* CategoryPatternCollectionViewCell.xib */ = {isa = PBXFileReference; lastKnownFileType = file.xib; path = CategoryPatternCollectionViewCell.xib; sourceTree = "<group>"; };
		DE39542623BBC405007D4C71 /* DetailTransition.swift */ = {isa = PBXFileReference; lastKnownFileType = sourcecode.swift; path = DetailTransition.swift; sourceTree = "<group>"; };
		DE39542823BBCF0C007D4C71 /* DetailEffectiveHeaderView.xib */ = {isa = PBXFileReference; lastKnownFileType = file.xib; path = DetailEffectiveHeaderView.xib; sourceTree = "<group>"; };
		DE39542A23BBCF14007D4C71 /* DetailEffectiveHeaderView.swift */ = {isa = PBXFileReference; lastKnownFileType = sourcecode.swift; path = DetailEffectiveHeaderView.swift; sourceTree = "<group>"; };
		DEE5E0AB23BB36ED00CA3E9B /* CustomViewBase.swift */ = {isa = PBXFileReference; lastKnownFileType = sourcecode.swift; path = CustomViewBase.swift; sourceTree = "<group>"; };
		DEE5E0AD23BB375800CA3E9B /* NSObjectProtocolExtension.swift */ = {isa = PBXFileReference; lastKnownFileType = sourcecode.swift; path = NSObjectProtocolExtension.swift; sourceTree = "<group>"; };
		DEE5E0AF23BB37B200CA3E9B /* StoryboardInstantiatable.swift */ = {isa = PBXFileReference; lastKnownFileType = sourcecode.swift; path = StoryboardInstantiatable.swift; sourceTree = "<group>"; };
		DEE5E0B123BB37CD00CA3E9B /* UIColorExtension.swift */ = {isa = PBXFileReference; lastKnownFileType = sourcecode.swift; path = UIColorExtension.swift; sourceTree = "<group>"; };
		DEE5E0B323BB39E200CA3E9B /* UICollectionViewExtension.swift */ = {isa = PBXFileReference; lastKnownFileType = sourcecode.swift; path = UICollectionViewExtension.swift; sourceTree = "<group>"; };
		DEE5E0B523BB39FC00CA3E9B /* UITableViewExtension.swift */ = {isa = PBXFileReference; lastKnownFileType = sourcecode.swift; path = UITableViewExtension.swift; sourceTree = "<group>"; };
		DEE5E0B823BB3A5100CA3E9B /* Base */ = {isa = PBXFileReference; lastKnownFileType = file.storyboard; name = Base; path = Base.lproj/Category.storyboard; sourceTree = "<group>"; };
		DEE5E0BA23BB3A9B00CA3E9B /* CategoryViewController.swift */ = {isa = PBXFileReference; lastKnownFileType = sourcecode.swift; path = CategoryViewController.swift; sourceTree = "<group>"; };
		DEE5E0BD23BB3B5900CA3E9B /* Base */ = {isa = PBXFileReference; lastKnownFileType = file.storyboard; name = Base; path = Base.lproj/Detail.storyboard; sourceTree = "<group>"; };
		DEE5E0BF23BB3BA700CA3E9B /* DetailViewController.swift */ = {isa = PBXFileReference; lastKnownFileType = sourcecode.swift; path = DetailViewController.swift; sourceTree = "<group>"; };
		DEE5E0C123BB3C8600CA3E9B /* MosaicCollectionViewLayoutPattern.swift */ = {isa = PBXFileReference; lastKnownFileType = sourcecode.swift; path = MosaicCollectionViewLayoutPattern.swift; sourceTree = "<group>"; };
		DEE5E0C423BB3D7C00CA3E9B /* UILabelDecorator.swift */ = {isa = PBXFileReference; lastKnownFileType = sourcecode.swift; path = UILabelDecorator.swift; sourceTree = "<group>"; };
/* End PBXFileReference section */

/* Begin PBXFrameworksBuildPhase section */
		DE066B82236712110029383E /* Frameworks */ = {
			isa = PBXFrameworksBuildPhase;
			buildActionMask = 2147483647;
			files = (
				1E07ACA504223B1D00AAD6AE /* Pods_MosaicPhotoGalleryLayouts.framework in Frameworks */,
			);
			runOnlyForDeploymentPostprocessing = 0;
		};
		DE066B98236712120029383E /* Frameworks */ = {
			isa = PBXFrameworksBuildPhase;
			buildActionMask = 2147483647;
			files = (
			);
			runOnlyForDeploymentPostprocessing = 0;
		};
		DE066BA3236712120029383E /* Frameworks */ = {
			isa = PBXFrameworksBuildPhase;
			buildActionMask = 2147483647;
			files = (
			);
			runOnlyForDeploymentPostprocessing = 0;
		};
/* End PBXFrameworksBuildPhase section */

/* Begin PBXGroup section */
		1617127D2CE49C82666FD9E7 /* Pods */ = {
			isa = PBXGroup;
			children = (
				85FFC26D1D6C6F29EF2A7047 /* Pods-MosaicPhotoGalleryLayouts.debug.xcconfig */,
				75257018F1F2DFDCF5198248 /* Pods-MosaicPhotoGalleryLayouts.release.xcconfig */,
			);
			path = Pods;
			sourceTree = "<group>";
		};
		218B877683415128E46542CA /* Frameworks */ = {
			isa = PBXGroup;
			children = (
				5547CFD3DFF0FB71E5F62706 /* Pods_MosaicPhotoGalleryLayouts.framework */,
			);
			name = Frameworks;
			sourceTree = "<group>";
		};
		DE066B7C236712110029383E = {
			isa = PBXGroup;
			children = (
				DE066B87236712110029383E /* MosaicPhotoGalleryLayouts */,
				DE066B9E236712120029383E /* MosaicPhotoGalleryLayoutsTests */,
				DE066BA9236712120029383E /* MosaicPhotoGalleryLayoutsUITests */,
				DE066B86236712110029383E /* Products */,
				1617127D2CE49C82666FD9E7 /* Pods */,
				218B877683415128E46542CA /* Frameworks */,
			);
			sourceTree = "<group>";
		};
		DE066B86236712110029383E /* Products */ = {
			isa = PBXGroup;
			children = (
				DE066B85236712110029383E /* MosaicPhotoGalleryLayouts.app */,
				DE066B9B236712120029383E /* MosaicPhotoGalleryLayoutsTests.xctest */,
				DE066BA6236712120029383E /* MosaicPhotoGalleryLayoutsUITests.xctest */,
			);
			name = Products;
			sourceTree = "<group>";
		};
		DE066B87236712110029383E /* MosaicPhotoGalleryLayouts */ = {
			isa = PBXGroup;
			children = (
				DE066B96236712120029383E /* Info.plist */,
				DE066B88236712110029383E /* AppDelegate.swift */,
				DE066B8A236712110029383E /* SceneDelegate.swift */,
				DE066B91236712120029383E /* Assets.xcassets */,
				DEE5E0A423BAEBA900CA3E9B /* Entity */,
				DEE5E0AA23BB34C100CA3E9B /* Enum */,
				DEE5E0A823BAED9D00CA3E9B /* Extension */,
				DEE5E0A523BAEBB300CA3E9B /* Model */,
				DEE5E0C323BB3D5400CA3E9B /* Modules */,
				DEE5E0A923BAEE4C00CA3E9B /* Storyboard */,
				DEE5E0A723BAEC0400CA3E9B /* View */,
				DEE5E0A623BAEBFA00CA3E9B /* ViewController */,
			);
			path = MosaicPhotoGalleryLayouts;
			sourceTree = "<group>";
		};
		DE066B9E236712120029383E /* MosaicPhotoGalleryLayoutsTests */ = {
			isa = PBXGroup;
			children = (
				DE066B9F236712120029383E /* MosaicPhotoGalleryLayoutsTests.swift */,
				DE066BA1236712120029383E /* Info.plist */,
			);
			path = MosaicPhotoGalleryLayoutsTests;
			sourceTree = "<group>";
		};
		DE066BA9236712120029383E /* MosaicPhotoGalleryLayoutsUITests */ = {
			isa = PBXGroup;
			children = (
				DE066BAA236712120029383E /* MosaicPhotoGalleryLayoutsUITests.swift */,
				DE066BAC236712120029383E /* Info.plist */,
			);
			path = MosaicPhotoGalleryLayoutsUITests;
			sourceTree = "<group>";
		};
		DE3345A323BB415A0017E173 /* CategoryPatternCollectionViewCell */ = {
			isa = PBXGroup;
			children = (
				DE39542223BBBBB2007D4C71 /* CategoryPatternCollectionViewCell.swift */,
				DE39542323BBBBB2007D4C71 /* CategoryPatternCollectionViewCell.xib */,
			);
			path = CategoryPatternCollectionViewCell;
			sourceTree = "<group>";
		};
		DE3345A423BB41830017E173 /* DetailEffectiveHeaderView */ = {
			isa = PBXGroup;
			children = (
				DE39542A23BBCF14007D4C71 /* DetailEffectiveHeaderView.swift */,
				DE39542823BBCF0C007D4C71 /* DetailEffectiveHeaderView.xib */,
			);
			path = DetailEffectiveHeaderView;
			sourceTree = "<group>";
		};
		DEE5E0A423BAEBA900CA3E9B /* Entity */ = {
			isa = PBXGroup;
			children = (
			);
			path = Entity;
			sourceTree = "<group>";
		};
		DEE5E0A523BAEBB300CA3E9B /* Model */ = {
			isa = PBXGroup;
			children = (
			);
			path = Model;
			sourceTree = "<group>";
		};
		DEE5E0A623BAEBFA00CA3E9B /* ViewController */ = {
			isa = PBXGroup;
			children = (
				DE066B8C236712110029383E /* MainViewController.swift */,
				DEE5E0BA23BB3A9B00CA3E9B /* CategoryViewController.swift */,
				DEE5E0BF23BB3BA700CA3E9B /* DetailViewController.swift */,
			);
			path = ViewController;
			sourceTree = "<group>";
		};
		DEE5E0A723BAEC0400CA3E9B /* View */ = {
			isa = PBXGroup;
			children = (
				DEE5E0AB23BB36ED00CA3E9B /* CustomViewBase.swift */,
				DE39542623BBC405007D4C71 /* DetailTransition.swift */,
				DEE5E0C623BB3F3600CA3E9B /* ArticleNavigationTitleView */,
				DE3345A323BB415A0017E173 /* CategoryPatternCollectionViewCell */,
				DEE5E0C723BB412700CA3E9B /* ContainerCollectionViewCell */,
				DE3345A423BB41830017E173 /* DetailEffectiveHeaderView */,
			);
			path = View;
			sourceTree = "<group>";
		};
		DEE5E0A823BAED9D00CA3E9B /* Extension */ = {
			isa = PBXGroup;
			children = (
				DEE5E0AD23BB375800CA3E9B /* NSObjectProtocolExtension.swift */,
				DEE5E0AF23BB37B200CA3E9B /* StoryboardInstantiatable.swift */,
				DEE5E0B323BB39E200CA3E9B /* UICollectionViewExtension.swift */,
				DEE5E0B123BB37CD00CA3E9B /* UIColorExtension.swift */,
				DEE5E0B523BB39FC00CA3E9B /* UITableViewExtension.swift */,
			);
			path = Extension;
			sourceTree = "<group>";
		};
		DEE5E0A923BAEE4C00CA3E9B /* Storyboard */ = {
			isa = PBXGroup;
			children = (
				DEE5E0B723BB3A5100CA3E9B /* Category.storyboard */,
				DEE5E0BC23BB3B5900CA3E9B /* Detail.storyboard */,
				DE066B93236712120029383E /* LaunchScreen.storyboard */,
				DE066B8E236712110029383E /* Main.storyboard */,
			);
			path = Storyboard;
			sourceTree = "<group>";
		};
		DEE5E0AA23BB34C100CA3E9B /* Enum */ = {
			isa = PBXGroup;
			children = (
				DEE5E0C123BB3C8600CA3E9B /* MosaicCollectionViewLayoutPattern.swift */,
			);
			path = Enum;
			sourceTree = "<group>";
		};
		DEE5E0C323BB3D5400CA3E9B /* Modules */ = {
			isa = PBXGroup;
			children = (
				DEE5E0C423BB3D7C00CA3E9B /* UILabelDecorator.swift */,
			);
			path = Modules;
			sourceTree = "<group>";
		};
		DEE5E0C623BB3F3600CA3E9B /* ArticleNavigationTitleView */ = {
			isa = PBXGroup;
			children = (
				DE3345A723BBB82C0017E173 /* ArticleNavigationTitleView.swift */,
				DE3345A523BBB8230017E173 /* ArticleNavigationTitleView.xib */,
			);
			path = ArticleNavigationTitleView;
			sourceTree = "<group>";
		};
		DEE5E0C723BB412700CA3E9B /* ContainerCollectionViewCell */ = {
			isa = PBXGroup;
			children = (
				DE39541E23BBBB95007D4C71 /* ContainerCollectionViewCell.swift */,
				DE39541F23BBBB95007D4C71 /* ContainerCollectionViewCell.xib */,
			);
			path = ContainerCollectionViewCell;
			sourceTree = "<group>";
		};
/* End PBXGroup section */

/* Begin PBXNativeTarget section */
		DE066B84236712110029383E /* MosaicPhotoGalleryLayouts */ = {
			isa = PBXNativeTarget;
			buildConfigurationList = DE066BAF236712120029383E /* Build configuration list for PBXNativeTarget "MosaicPhotoGalleryLayouts" */;
			buildPhases = (
				9E2172E0FA7625FEFCCCF51F /* [CP] Check Pods Manifest.lock */,
				DE066B81236712110029383E /* Sources */,
				DE066B82236712110029383E /* Frameworks */,
				DE066B83236712110029383E /* Resources */,
				54843423472370BE71E7F960 /* [CP] Embed Pods Frameworks */,
			);
			buildRules = (
			);
			dependencies = (
			);
			name = MosaicPhotoGalleryLayouts;
			productName = MosaicPhotoGalleryLayouts;
			productReference = DE066B85236712110029383E /* MosaicPhotoGalleryLayouts.app */;
			productType = "com.apple.product-type.application";
		};
		DE066B9A236712120029383E /* MosaicPhotoGalleryLayoutsTests */ = {
			isa = PBXNativeTarget;
			buildConfigurationList = DE066BB2236712120029383E /* Build configuration list for PBXNativeTarget "MosaicPhotoGalleryLayoutsTests" */;
			buildPhases = (
				DE066B97236712120029383E /* Sources */,
				DE066B98236712120029383E /* Frameworks */,
				DE066B99236712120029383E /* Resources */,
			);
			buildRules = (
			);
			dependencies = (
				DE066B9D236712120029383E /* PBXTargetDependency */,
			);
			name = MosaicPhotoGalleryLayoutsTests;
			productName = MosaicPhotoGalleryLayoutsTests;
			productReference = DE066B9B236712120029383E /* MosaicPhotoGalleryLayoutsTests.xctest */;
			productType = "com.apple.product-type.bundle.unit-test";
		};
		DE066BA5236712120029383E /* MosaicPhotoGalleryLayoutsUITests */ = {
			isa = PBXNativeTarget;
			buildConfigurationList = DE066BB5236712120029383E /* Build configuration list for PBXNativeTarget "MosaicPhotoGalleryLayoutsUITests" */;
			buildPhases = (
				DE066BA2236712120029383E /* Sources */,
				DE066BA3236712120029383E /* Frameworks */,
				DE066BA4236712120029383E /* Resources */,
			);
			buildRules = (
			);
			dependencies = (
				DE066BA8236712120029383E /* PBXTargetDependency */,
			);
			name = MosaicPhotoGalleryLayoutsUITests;
			productName = MosaicPhotoGalleryLayoutsUITests;
			productReference = DE066BA6236712120029383E /* MosaicPhotoGalleryLayoutsUITests.xctest */;
			productType = "com.apple.product-type.bundle.ui-testing";
		};
/* End PBXNativeTarget section */

/* Begin PBXProject section */
		DE066B7D236712110029383E /* Project object */ = {
			isa = PBXProject;
			attributes = {
				LastSwiftUpdateCheck = 1110;
				LastUpgradeCheck = 1110;
				ORGANIZATIONNAME = "酒井文也";
				TargetAttributes = {
					DE066B84236712110029383E = {
						CreatedOnToolsVersion = 11.1;
					};
					DE066B9A236712120029383E = {
						CreatedOnToolsVersion = 11.1;
						TestTargetID = DE066B84236712110029383E;
					};
					DE066BA5236712120029383E = {
						CreatedOnToolsVersion = 11.1;
						TestTargetID = DE066B84236712110029383E;
					};
				};
			};
			buildConfigurationList = DE066B80236712110029383E /* Build configuration list for PBXProject "MosaicPhotoGalleryLayouts" */;
			compatibilityVersion = "Xcode 9.3";
			developmentRegion = en;
			hasScannedForEncodings = 0;
			knownRegions = (
				en,
				Base,
			);
			mainGroup = DE066B7C236712110029383E;
			productRefGroup = DE066B86236712110029383E /* Products */;
			projectDirPath = "";
			projectRoot = "";
			targets = (
				DE066B84236712110029383E /* MosaicPhotoGalleryLayouts */,
				DE066B9A236712120029383E /* MosaicPhotoGalleryLayoutsTests */,
				DE066BA5236712120029383E /* MosaicPhotoGalleryLayoutsUITests */,
			);
		};
/* End PBXProject section */

/* Begin PBXResourcesBuildPhase section */
		DE066B83236712110029383E /* Resources */ = {
			isa = PBXResourcesBuildPhase;
			buildActionMask = 2147483647;
			files = (
				DE39542123BBBB95007D4C71 /* ContainerCollectionViewCell.xib in Resources */,
				DE39542523BBBBB2007D4C71 /* CategoryPatternCollectionViewCell.xib in Resources */,
				DE39542923BBCF0C007D4C71 /* DetailEffectiveHeaderView.xib in Resources */,
				DEE5E0B923BB3A5100CA3E9B /* Category.storyboard in Resources */,
				DE066B95236712120029383E /* LaunchScreen.storyboard in Resources */,
				DE3345A623BBB8230017E173 /* ArticleNavigationTitleView.xib in Resources */,
				DE066B92236712120029383E /* Assets.xcassets in Resources */,
				DEE5E0BE23BB3B5900CA3E9B /* Detail.storyboard in Resources */,
				DE066B90236712110029383E /* Main.storyboard in Resources */,
			);
			runOnlyForDeploymentPostprocessing = 0;
		};
		DE066B99236712120029383E /* Resources */ = {
			isa = PBXResourcesBuildPhase;
			buildActionMask = 2147483647;
			files = (
			);
			runOnlyForDeploymentPostprocessing = 0;
		};
		DE066BA4236712120029383E /* Resources */ = {
			isa = PBXResourcesBuildPhase;
			buildActionMask = 2147483647;
			files = (
			);
			runOnlyForDeploymentPostprocessing = 0;
		};
/* End PBXResourcesBuildPhase section */

/* Begin PBXShellScriptBuildPhase section */
		54843423472370BE71E7F960 /* [CP] Embed Pods Frameworks */ = {
			isa = PBXShellScriptBuildPhase;
			buildActionMask = 2147483647;
			files = (
			);
			inputFileListPaths = (
				"${PODS_ROOT}/Target Support Files/Pods-MosaicPhotoGalleryLayouts/Pods-MosaicPhotoGalleryLayouts-frameworks-${CONFIGURATION}-input-files.xcfilelist",
			);
			name = "[CP] Embed Pods Frameworks";
			outputFileListPaths = (
				"${PODS_ROOT}/Target Support Files/Pods-MosaicPhotoGalleryLayouts/Pods-MosaicPhotoGalleryLayouts-frameworks-${CONFIGURATION}-output-files.xcfilelist",
			);
			runOnlyForDeploymentPostprocessing = 0;
			shellPath = /bin/sh;
			shellScript = "\"${PODS_ROOT}/Target Support Files/Pods-MosaicPhotoGalleryLayouts/Pods-MosaicPhotoGalleryLayouts-frameworks.sh\"\n";
			showEnvVarsInLog = 0;
		};
		9E2172E0FA7625FEFCCCF51F /* [CP] Check Pods Manifest.lock */ = {
			isa = PBXShellScriptBuildPhase;
			buildActionMask = 2147483647;
			files = (
			);
			inputFileListPaths = (
			);
			inputPaths = (
				"${PODS_PODFILE_DIR_PATH}/Podfile.lock",
				"${PODS_ROOT}/Manifest.lock",
			);
			name = "[CP] Check Pods Manifest.lock";
			outputFileListPaths = (
			);
			outputPaths = (
				"$(DERIVED_FILE_DIR)/Pods-MosaicPhotoGalleryLayouts-checkManifestLockResult.txt",
			);
			runOnlyForDeploymentPostprocessing = 0;
			shellPath = /bin/sh;
			shellScript = "diff \"${PODS_PODFILE_DIR_PATH}/Podfile.lock\" \"${PODS_ROOT}/Manifest.lock\" > /dev/null\nif [ $? != 0 ] ; then\n    # print error to STDERR\n    echo \"error: The sandbox is not in sync with the Podfile.lock. Run 'pod install' or update your CocoaPods installation.\" >&2\n    exit 1\nfi\n# This output is used by Xcode 'outputs' to avoid re-running this script phase.\necho \"SUCCESS\" > \"${SCRIPT_OUTPUT_FILE_0}\"\n";
			showEnvVarsInLog = 0;
		};
/* End PBXShellScriptBuildPhase section */

/* Begin PBXSourcesBuildPhase section */
		DE066B81236712110029383E /* Sources */ = {
			isa = PBXSourcesBuildPhase;
			buildActionMask = 2147483647;
			files = (
				DEE5E0C023BB3BA700CA3E9B /* DetailViewController.swift in Sources */,
				DE39542023BBBB95007D4C71 /* ContainerCollectionViewCell.swift in Sources */,
				DEE5E0BB23BB3A9B00CA3E9B /* CategoryViewController.swift in Sources */,
				DEE5E0AC23BB36ED00CA3E9B /* CustomViewBase.swift in Sources */,
				DEE5E0B223BB37CD00CA3E9B /* UIColorExtension.swift in Sources */,
				DE39542423BBBBB2007D4C71 /* CategoryPatternCollectionViewCell.swift in Sources */,
				DE3345A823BBB82C0017E173 /* ArticleNavigationTitleView.swift in Sources */,
				DE066B8D236712110029383E /* MainViewController.swift in Sources */,
				DE39542B23BBCF14007D4C71 /* DetailEffectiveHeaderView.swift in Sources */,
				DE066B89236712110029383E /* AppDelegate.swift in Sources */,
				DEE5E0B423BB39E200CA3E9B /* UICollectionViewExtension.swift in Sources */,
				DEE5E0B023BB37B200CA3E9B /* StoryboardInstantiatable.swift in Sources */,
				DE39542723BBC405007D4C71 /* DetailTransition.swift in Sources */,
				DEE5E0B623BB39FC00CA3E9B /* UITableViewExtension.swift in Sources */,
				DEE5E0C223BB3C8600CA3E9B /* MosaicCollectionViewLayoutPattern.swift in Sources */,
				DE066B8B236712110029383E /* SceneDelegate.swift in Sources */,
				DEE5E0C523BB3D7C00CA3E9B /* UILabelDecorator.swift in Sources */,
				DEE5E0AE23BB375800CA3E9B /* NSObjectProtocolExtension.swift in Sources */,
			);
			runOnlyForDeploymentPostprocessing = 0;
		};
		DE066B97236712120029383E /* Sources */ = {
			isa = PBXSourcesBuildPhase;
			buildActionMask = 2147483647;
			files = (
				DE066BA0236712120029383E /* MosaicPhotoGalleryLayoutsTests.swift in Sources */,
			);
			runOnlyForDeploymentPostprocessing = 0;
		};
		DE066BA2236712120029383E /* Sources */ = {
			isa = PBXSourcesBuildPhase;
			buildActionMask = 2147483647;
			files = (
				DE066BAB236712120029383E /* MosaicPhotoGalleryLayoutsUITests.swift in Sources */,
			);
			runOnlyForDeploymentPostprocessing = 0;
		};
/* End PBXSourcesBuildPhase section */

/* Begin PBXTargetDependency section */
		DE066B9D236712120029383E /* PBXTargetDependency */ = {
			isa = PBXTargetDependency;
			target = DE066B84236712110029383E /* MosaicPhotoGalleryLayouts */;
			targetProxy = DE066B9C236712120029383E /* PBXContainerItemProxy */;
		};
		DE066BA8236712120029383E /* PBXTargetDependency */ = {
			isa = PBXTargetDependency;
			target = DE066B84236712110029383E /* MosaicPhotoGalleryLayouts */;
			targetProxy = DE066BA7236712120029383E /* PBXContainerItemProxy */;
		};
/* End PBXTargetDependency section */

/* Begin PBXVariantGroup section */
		DE066B8E236712110029383E /* Main.storyboard */ = {
			isa = PBXVariantGroup;
			children = (
				DE066B8F236712110029383E /* Base */,
			);
			name = Main.storyboard;
			sourceTree = "<group>";
		};
		DE066B93236712120029383E /* LaunchScreen.storyboard */ = {
			isa = PBXVariantGroup;
			children = (
				DE066B94236712120029383E /* Base */,
			);
			name = LaunchScreen.storyboard;
			sourceTree = "<group>";
		};
		DEE5E0B723BB3A5100CA3E9B /* Category.storyboard */ = {
			isa = PBXVariantGroup;
			children = (
				DEE5E0B823BB3A5100CA3E9B /* Base */,
			);
			name = Category.storyboard;
			sourceTree = "<group>";
		};
		DEE5E0BC23BB3B5900CA3E9B /* Detail.storyboard */ = {
			isa = PBXVariantGroup;
			children = (
				DEE5E0BD23BB3B5900CA3E9B /* Base */,
			);
			name = Detail.storyboard;
			sourceTree = "<group>";
		};
/* End PBXVariantGroup section */

/* Begin XCBuildConfiguration section */
		DE066BAD236712120029383E /* Debug */ = {
			isa = XCBuildConfiguration;
			buildSettings = {
				ALWAYS_SEARCH_USER_PATHS = NO;
				CLANG_ANALYZER_NONNULL = YES;
				CLANG_ANALYZER_NUMBER_OBJECT_CONVERSION = YES_AGGRESSIVE;
				CLANG_CXX_LANGUAGE_STANDARD = "gnu++14";
				CLANG_CXX_LIBRARY = "libc++";
				CLANG_ENABLE_MODULES = YES;
				CLANG_ENABLE_OBJC_ARC = YES;
				CLANG_ENABLE_OBJC_WEAK = YES;
				CLANG_WARN_BLOCK_CAPTURE_AUTORELEASING = YES;
				CLANG_WARN_BOOL_CONVERSION = YES;
				CLANG_WARN_COMMA = YES;
				CLANG_WARN_CONSTANT_CONVERSION = YES;
				CLANG_WARN_DEPRECATED_OBJC_IMPLEMENTATIONS = YES;
				CLANG_WARN_DIRECT_OBJC_ISA_USAGE = YES_ERROR;
				CLANG_WARN_DOCUMENTATION_COMMENTS = YES;
				CLANG_WARN_EMPTY_BODY = YES;
				CLANG_WARN_ENUM_CONVERSION = YES;
				CLANG_WARN_INFINITE_RECURSION = YES;
				CLANG_WARN_INT_CONVERSION = YES;
				CLANG_WARN_NON_LITERAL_NULL_CONVERSION = YES;
				CLANG_WARN_OBJC_IMPLICIT_RETAIN_SELF = YES;
				CLANG_WARN_OBJC_LITERAL_CONVERSION = YES;
				CLANG_WARN_OBJC_ROOT_CLASS = YES_ERROR;
				CLANG_WARN_RANGE_LOOP_ANALYSIS = YES;
				CLANG_WARN_STRICT_PROTOTYPES = YES;
				CLANG_WARN_SUSPICIOUS_MOVE = YES;
				CLANG_WARN_UNGUARDED_AVAILABILITY = YES_AGGRESSIVE;
				CLANG_WARN_UNREACHABLE_CODE = YES;
				CLANG_WARN__DUPLICATE_METHOD_MATCH = YES;
				COPY_PHASE_STRIP = NO;
				DEBUG_INFORMATION_FORMAT = dwarf;
				ENABLE_STRICT_OBJC_MSGSEND = YES;
				ENABLE_TESTABILITY = YES;
				GCC_C_LANGUAGE_STANDARD = gnu11;
				GCC_DYNAMIC_NO_PIC = NO;
				GCC_NO_COMMON_BLOCKS = YES;
				GCC_OPTIMIZATION_LEVEL = 0;
				GCC_PREPROCESSOR_DEFINITIONS = (
					"DEBUG=1",
					"$(inherited)",
				);
				GCC_WARN_64_TO_32_BIT_CONVERSION = YES;
				GCC_WARN_ABOUT_RETURN_TYPE = YES_ERROR;
				GCC_WARN_UNDECLARED_SELECTOR = YES;
				GCC_WARN_UNINITIALIZED_AUTOS = YES_AGGRESSIVE;
				GCC_WARN_UNUSED_FUNCTION = YES;
				GCC_WARN_UNUSED_VARIABLE = YES;
				IPHONEOS_DEPLOYMENT_TARGET = 13.1;
				MTL_ENABLE_DEBUG_INFO = INCLUDE_SOURCE;
				MTL_FAST_MATH = YES;
				ONLY_ACTIVE_ARCH = YES;
				SDKROOT = iphoneos;
				SWIFT_ACTIVE_COMPILATION_CONDITIONS = DEBUG;
				SWIFT_OPTIMIZATION_LEVEL = "-Onone";
			};
			name = Debug;
		};
		DE066BAE236712120029383E /* Release */ = {
			isa = XCBuildConfiguration;
			buildSettings = {
				ALWAYS_SEARCH_USER_PATHS = NO;
				CLANG_ANALYZER_NONNULL = YES;
				CLANG_ANALYZER_NUMBER_OBJECT_CONVERSION = YES_AGGRESSIVE;
				CLANG_CXX_LANGUAGE_STANDARD = "gnu++14";
				CLANG_CXX_LIBRARY = "libc++";
				CLANG_ENABLE_MODULES = YES;
				CLANG_ENABLE_OBJC_ARC = YES;
				CLANG_ENABLE_OBJC_WEAK = YES;
				CLANG_WARN_BLOCK_CAPTURE_AUTORELEASING = YES;
				CLANG_WARN_BOOL_CONVERSION = YES;
				CLANG_WARN_COMMA = YES;
				CLANG_WARN_CONSTANT_CONVERSION = YES;
				CLANG_WARN_DEPRECATED_OBJC_IMPLEMENTATIONS = YES;
				CLANG_WARN_DIRECT_OBJC_ISA_USAGE = YES_ERROR;
				CLANG_WARN_DOCUMENTATION_COMMENTS = YES;
				CLANG_WARN_EMPTY_BODY = YES;
				CLANG_WARN_ENUM_CONVERSION = YES;
				CLANG_WARN_INFINITE_RECURSION = YES;
				CLANG_WARN_INT_CONVERSION = YES;
				CLANG_WARN_NON_LITERAL_NULL_CONVERSION = YES;
				CLANG_WARN_OBJC_IMPLICIT_RETAIN_SELF = YES;
				CLANG_WARN_OBJC_LITERAL_CONVERSION = YES;
				CLANG_WARN_OBJC_ROOT_CLASS = YES_ERROR;
				CLANG_WARN_RANGE_LOOP_ANALYSIS = YES;
				CLANG_WARN_STRICT_PROTOTYPES = YES;
				CLANG_WARN_SUSPICIOUS_MOVE = YES;
				CLANG_WARN_UNGUARDED_AVAILABILITY = YES_AGGRESSIVE;
				CLANG_WARN_UNREACHABLE_CODE = YES;
				CLANG_WARN__DUPLICATE_METHOD_MATCH = YES;
				COPY_PHASE_STRIP = NO;
				DEBUG_INFORMATION_FORMAT = "dwarf-with-dsym";
				ENABLE_NS_ASSERTIONS = NO;
				ENABLE_STRICT_OBJC_MSGSEND = YES;
				GCC_C_LANGUAGE_STANDARD = gnu11;
				GCC_NO_COMMON_BLOCKS = YES;
				GCC_WARN_64_TO_32_BIT_CONVERSION = YES;
				GCC_WARN_ABOUT_RETURN_TYPE = YES_ERROR;
				GCC_WARN_UNDECLARED_SELECTOR = YES;
				GCC_WARN_UNINITIALIZED_AUTOS = YES_AGGRESSIVE;
				GCC_WARN_UNUSED_FUNCTION = YES;
				GCC_WARN_UNUSED_VARIABLE = YES;
				IPHONEOS_DEPLOYMENT_TARGET = 13.1;
				MTL_ENABLE_DEBUG_INFO = NO;
				MTL_FAST_MATH = YES;
				SDKROOT = iphoneos;
				SWIFT_COMPILATION_MODE = wholemodule;
				SWIFT_OPTIMIZATION_LEVEL = "-O";
				VALIDATE_PRODUCT = YES;
			};
			name = Release;
		};
		DE066BB0236712120029383E /* Debug */ = {
			isa = XCBuildConfiguration;
			baseConfigurationReference = 85FFC26D1D6C6F29EF2A7047 /* Pods-MosaicPhotoGalleryLayouts.debug.xcconfig */;
			buildSettings = {
				ASSETCATALOG_COMPILER_APPICON_NAME = AppIcon;
				CODE_SIGN_STYLE = Automatic;
				DEVELOPMENT_TEAM = S5BF5553KY;
				INFOPLIST_FILE = MosaicPhotoGalleryLayouts/Info.plist;
				LD_RUNPATH_SEARCH_PATHS = (
					"$(inherited)",
					"@executable_path/Frameworks",
				);
				PRODUCT_BUNDLE_IDENTIFIER = com.just1factory.MosaicPhotoGalleryLayouts;
				PRODUCT_NAME = "$(TARGET_NAME)";
				SWIFT_VERSION = 5.0;
				TARGETED_DEVICE_FAMILY = "1,2";
			};
			name = Debug;
		};
		DE066BB1236712120029383E /* Release */ = {
			isa = XCBuildConfiguration;
			baseConfigurationReference = 75257018F1F2DFDCF5198248 /* Pods-MosaicPhotoGalleryLayouts.release.xcconfig */;
			buildSettings = {
				ASSETCATALOG_COMPILER_APPICON_NAME = AppIcon;
				CODE_SIGN_STYLE = Automatic;
				DEVELOPMENT_TEAM = S5BF5553KY;
				INFOPLIST_FILE = MosaicPhotoGalleryLayouts/Info.plist;
				LD_RUNPATH_SEARCH_PATHS = (
					"$(inherited)",
					"@executable_path/Frameworks",
				);
				PRODUCT_BUNDLE_IDENTIFIER = com.just1factory.MosaicPhotoGalleryLayouts;
				PRODUCT_NAME = "$(TARGET_NAME)";
				SWIFT_VERSION = 5.0;
				TARGETED_DEVICE_FAMILY = "1,2";
			};
			name = Release;
		};
		DE066BB3236712120029383E /* Debug */ = {
			isa = XCBuildConfiguration;
			buildSettings = {
				ALWAYS_EMBED_SWIFT_STANDARD_LIBRARIES = YES;
				BUNDLE_LOADER = "$(TEST_HOST)";
				CODE_SIGN_STYLE = Automatic;
				DEVELOPMENT_TEAM = S5BF5553KY;
				INFOPLIST_FILE = MosaicPhotoGalleryLayoutsTests/Info.plist;
				IPHONEOS_DEPLOYMENT_TARGET = 13.1;
				LD_RUNPATH_SEARCH_PATHS = (
					"$(inherited)",
					"@executable_path/Frameworks",
					"@loader_path/Frameworks",
				);
				PRODUCT_BUNDLE_IDENTIFIER = com.just1factory.MosaicPhotoGalleryLayoutsTests;
				PRODUCT_NAME = "$(TARGET_NAME)";
				SWIFT_VERSION = 5.0;
				TARGETED_DEVICE_FAMILY = "1,2";
				TEST_HOST = "$(BUILT_PRODUCTS_DIR)/MosaicPhotoGalleryLayouts.app/MosaicPhotoGalleryLayouts";
			};
			name = Debug;
		};
		DE066BB4236712120029383E /* Release */ = {
			isa = XCBuildConfiguration;
			buildSettings = {
				ALWAYS_EMBED_SWIFT_STANDARD_LIBRARIES = YES;
				BUNDLE_LOADER = "$(TEST_HOST)";
				CODE_SIGN_STYLE = Automatic;
				DEVELOPMENT_TEAM = S5BF5553KY;
				INFOPLIST_FILE = MosaicPhotoGalleryLayoutsTests/Info.plist;
				IPHONEOS_DEPLOYMENT_TARGET = 13.1;
				LD_RUNPATH_SEARCH_PATHS = (
					"$(inherited)",
					"@executable_path/Frameworks",
					"@loader_path/Frameworks",
				);
				PRODUCT_BUNDLE_IDENTIFIER = com.just1factory.MosaicPhotoGalleryLayoutsTests;
				PRODUCT_NAME = "$(TARGET_NAME)";
				SWIFT_VERSION = 5.0;
				TARGETED_DEVICE_FAMILY = "1,2";
				TEST_HOST = "$(BUILT_PRODUCTS_DIR)/MosaicPhotoGalleryLayouts.app/MosaicPhotoGalleryLayouts";
			};
			name = Release;
		};
		DE066BB6236712120029383E /* Debug */ = {
			isa = XCBuildConfiguration;
			buildSettings = {
				ALWAYS_EMBED_SWIFT_STANDARD_LIBRARIES = YES;
				CODE_SIGN_STYLE = Automatic;
				DEVELOPMENT_TEAM = S5BF5553KY;
				INFOPLIST_FILE = MosaicPhotoGalleryLayoutsUITests/Info.plist;
				LD_RUNPATH_SEARCH_PATHS = (
					"$(inherited)",
					"@executable_path/Frameworks",
					"@loader_path/Frameworks",
				);
				PRODUCT_BUNDLE_IDENTIFIER = com.just1factory.MosaicPhotoGalleryLayoutsUITests;
				PRODUCT_NAME = "$(TARGET_NAME)";
				SWIFT_VERSION = 5.0;
				TARGETED_DEVICE_FAMILY = "1,2";
				TEST_TARGET_NAME = MosaicPhotoGalleryLayouts;
			};
			name = Debug;
		};
		DE066BB7236712120029383E /* Release */ = {
			isa = XCBuildConfiguration;
			buildSettings = {
				ALWAYS_EMBED_SWIFT_STANDARD_LIBRARIES = YES;
				CODE_SIGN_STYLE = Automatic;
				DEVELOPMENT_TEAM = S5BF5553KY;
				INFOPLIST_FILE = MosaicPhotoGalleryLayoutsUITests/Info.plist;
				LD_RUNPATH_SEARCH_PATHS = (
					"$(inherited)",
					"@executable_path/Frameworks",
					"@loader_path/Frameworks",
				);
				PRODUCT_BUNDLE_IDENTIFIER = com.just1factory.MosaicPhotoGalleryLayoutsUITests;
				PRODUCT_NAME = "$(TARGET_NAME)";
				SWIFT_VERSION = 5.0;
				TARGETED_DEVICE_FAMILY = "1,2";
				TEST_TARGET_NAME = MosaicPhotoGalleryLayouts;
			};
			name = Release;
		};
/* End XCBuildConfiguration section */

/* Begin XCConfigurationList section */
		DE066B80236712110029383E /* Build configuration list for PBXProject "MosaicPhotoGalleryLayouts" */ = {
			isa = XCConfigurationList;
			buildConfigurations = (
				DE066BAD236712120029383E /* Debug */,
				DE066BAE236712120029383E /* Release */,
			);
			defaultConfigurationIsVisible = 0;
			defaultConfigurationName = Release;
		};
		DE066BAF236712120029383E /* Build configuration list for PBXNativeTarget "MosaicPhotoGalleryLayouts" */ = {
			isa = XCConfigurationList;
			buildConfigurations = (
				DE066BB0236712120029383E /* Debug */,
				DE066BB1236712120029383E /* Release */,
			);
			defaultConfigurationIsVisible = 0;
			defaultConfigurationName = Release;
		};
		DE066BB2236712120029383E /* Build configuration list for PBXNativeTarget "MosaicPhotoGalleryLayoutsTests" */ = {
			isa = XCConfigurationList;
			buildConfigurations = (
				DE066BB3236712120029383E /* Debug */,
				DE066BB4236712120029383E /* Release */,
			);
			defaultConfigurationIsVisible = 0;
			defaultConfigurationName = Release;
		};
		DE066BB5236712120029383E /* Build configuration list for PBXNativeTarget "MosaicPhotoGalleryLayoutsUITests" */ = {
			isa = XCConfigurationList;
			buildConfigurations = (
				DE066BB6236712120029383E /* Debug */,
				DE066BB7236712120029383E /* Release */,
			);
			defaultConfigurationIsVisible = 0;
			defaultConfigurationName = Release;
		};
/* End XCConfigurationList section */
	};
	rootObject = DE066B7D236712110029383E /* Project object */;
}
