PODS:
  - BetterSegmentedControl (1.3.0)
  - Nuke (8.3.1)

DEPENDENCIES:
  - BetterSegmentedControl
  - Nuke

SPEC REPOS:
  trunk:
    - BetterSegmentedControl
    - Nuke

SPEC CHECKSUMS:
  BetterSegmentedControl: 85d1b0343a09603b098884d527f550dfc8e6cdd9
  Nuke: 85fb80f8df0cb26c28d2f4e0cb7fb93bcd6548d3

PODFILE CHECKSUM: e8f8e061ec51eaa1775798226254ce4d1d87cd70

COCOAPODS: 1.8.4
